Microsoft Visual Studio Solution File, Format Version 10.00
# Visual Studio 2008

Project("{BEB395CD-D566-294F-F5CC-ACCD1CF026C5}") = "ConnTest", "ConnTest.csproj", "{29CDBF31-BA8E-37CD-B842-7EB3CB932416}"
EndProject
Global
	GlobalSection(SolutionConfigurationPlatforms) = preSolution
		Debug|Any CPU = Debug|Any CPU
		Release|Any CPU = Release|Any CPU
	EndGlobalSection
	GlobalSection(ProjectConfigurationPlatforms) = postSolution
		{29CDBF31-BA8E-37CD-B842-7EB3CB932416}.Debug|Any CPU.ActiveCfg = Debug|Any CPU
		{29CDBF31-BA8E-37CD-B842-7EB3CB932416}.Debug|Any CPU.Build.0 = Debug|Any CPU
		{29CDBF31-BA8E-37CD-B842-7EB3CB932416}.Release|Any CPU.ActiveCfg = Release|Any CPU
		{29CDBF31-BA8E-37CD-B842-7EB3CB932416}.Release|Any CPU.Build.0 = Release|Any CPU
	EndGlobalSection
	GlobalSection(SolutionProperties) = preSolution
		HideSolutionNode = FALSE
	EndGlobalSection
	
EndGlobal
