
Microsoft Visual Studio Solution File, Format Version 10.00
# Visual Studio 2008
Project("{FAE04EC0-301F-11D3-BF4B-00C04F79EFBC}") = "BallGameDesktop", "BallGame\BallGameDesktop.csproj", "{3C00D758-A568-4524-AE66-0DB0CADF5144}"
EndProject
Project("{FAE04EC0-301F-11D3-BF4B-00C04F79EFBC}") = "BallGameMobile", "BallGame\BallGameMobile.csproj", "{17B02620-623E-46CC-9228-FD078B0EC8EC}"
EndProject
Project("{FAE04EC0-301F-11D3-BF4B-00C04F79EFBC}") = "Helper", "Helper\Helper.csproj", "{4DE8D8C1-6F75-42AD-AA46-BD35BB71352A}"
EndProject
Project("{FAE04EC0-301F-11D3-BF4B-00C04F79EFBC}") = "HelperMobile", "Helper\HelperMobile.csproj", "{605C38BC-8234-421F-A42A-6E4DF5DCA2E9}"
EndProject
Project("{FAE04EC0-301F-11D3-BF4B-00C04F79EFBC}") = "Editor", "Editor\Editor.csproj", "{1BFE6780-1629-4586-BACD-51AA16F4D4D0}"
EndProject
Project("{2150E333-8FDC-42A3-9474-1A3956D46DE8}") = "desktop", "desktop", "{24ABA056-F206-4005-A6BA-958A81336CB2}"
EndProject
Project("{FAE04EC0-301F-11D3-BF4B-00C04F79EFBC}") = "FarseerPhysicsMobile", "Farseer Physics 2.1 Class Library\FarseerPhysicsMobile.csproj", "{767C5503-C25F-4FAF-870C-4B442F154ED0}"
EndProject
Project("{2150E333-8FDC-42A3-9474-1A3956D46DE8}") = "mobile", "mobile", "{CB7FCA07-3846-4B61-9C17-A2AA53612C89}"
EndProject
Global
	GlobalSection(SolutionConfigurationPlatforms) = preSolution
		Debug|Any CPU = Debug|Any CPU
		Release|Any CPU = Release|Any CPU
	EndGlobalSection
	GlobalSection(ProjectConfigurationPlatforms) = postSolution
		{3C00D758-A568-4524-AE66-0DB0CADF5144}.Debug|Any CPU.ActiveCfg = Debug|Any CPU
		{3C00D758-A568-4524-AE66-0DB0CADF5144}.Debug|Any CPU.Build.0 = Debug|Any CPU
		{3C00D758-A568-4524-AE66-0DB0CADF5144}.Release|Any CPU.ActiveCfg = Release|Any CPU
		{3C00D758-A568-4524-AE66-0DB0CADF5144}.Release|Any CPU.Build.0 = Release|Any CPU
		{17B02620-623E-46CC-9228-FD078B0EC8EC}.Debug|Any CPU.ActiveCfg = Debug|Any CPU
		{17B02620-623E-46CC-9228-FD078B0EC8EC}.Debug|Any CPU.Build.0 = Debug|Any CPU
		{17B02620-623E-46CC-9228-FD078B0EC8EC}.Debug|Any CPU.Deploy.0 = Debug|Any CPU
		{17B02620-623E-46CC-9228-FD078B0EC8EC}.Release|Any CPU.ActiveCfg = Release|Any CPU
		{17B02620-623E-46CC-9228-FD078B0EC8EC}.Release|Any CPU.Build.0 = Release|Any CPU
		{17B02620-623E-46CC-9228-FD078B0EC8EC}.Release|Any CPU.Deploy.0 = Release|Any CPU
		{4DE8D8C1-6F75-42AD-AA46-BD35BB71352A}.Debug|Any CPU.ActiveCfg = Debug|Any CPU
		{4DE8D8C1-6F75-42AD-AA46-BD35BB71352A}.Debug|Any CPU.Build.0 = Debug|Any CPU
		{4DE8D8C1-6F75-42AD-AA46-BD35BB71352A}.Release|Any CPU.ActiveCfg = Release|Any CPU
		{4DE8D8C1-6F75-42AD-AA46-BD35BB71352A}.Release|Any CPU.Build.0 = Release|Any CPU
		{605C38BC-8234-421F-A42A-6E4DF5DCA2E9}.Debug|Any CPU.ActiveCfg = Debug|Any CPU
		{605C38BC-8234-421F-A42A-6E4DF5DCA2E9}.Debug|Any CPU.Build.0 = Debug|Any CPU
		{605C38BC-8234-421F-A42A-6E4DF5DCA2E9}.Release|Any CPU.ActiveCfg = Release|Any CPU
		{605C38BC-8234-421F-A42A-6E4DF5DCA2E9}.Release|Any CPU.Build.0 = Release|Any CPU
		{1BFE6780-1629-4586-BACD-51AA16F4D4D0}.Debug|Any CPU.ActiveCfg = Debug|Any CPU
		{1BFE6780-1629-4586-BACD-51AA16F4D4D0}.Debug|Any CPU.Build.0 = Debug|Any CPU
		{1BFE6780-1629-4586-BACD-51AA16F4D4D0}.Release|Any CPU.ActiveCfg = Release|Any CPU
		{1BFE6780-1629-4586-BACD-51AA16F4D4D0}.Release|Any CPU.Build.0 = Release|Any CPU
		{767C5503-C25F-4FAF-870C-4B442F154ED0}.Debug|Any CPU.ActiveCfg = Debug|Any CPU
		{767C5503-C25F-4FAF-870C-4B442F154ED0}.Debug|Any CPU.Build.0 = Debug|Any CPU
		{767C5503-C25F-4FAF-870C-4B442F154ED0}.Release|Any CPU.ActiveCfg = Release|Any CPU
		{767C5503-C25F-4FAF-870C-4B442F154ED0}.Release|Any CPU.Build.0 = Release|Any CPU
	EndGlobalSection
	GlobalSection(SolutionProperties) = preSolution
		HideSolutionNode = FALSE
	EndGlobalSection
	GlobalSection(NestedProjects) = preSolution
		{3C00D758-A568-4524-AE66-0DB0CADF5144} = {24ABA056-F206-4005-A6BA-958A81336CB2}
		{1BFE6780-1629-4586-BACD-51AA16F4D4D0} = {24ABA056-F206-4005-A6BA-958A81336CB2}
		{4DE8D8C1-6F75-42AD-AA46-BD35BB71352A} = {24ABA056-F206-4005-A6BA-958A81336CB2}
		{17B02620-623E-46CC-9228-FD078B0EC8EC} = {CB7FCA07-3846-4B61-9C17-A2AA53612C89}
		{767C5503-C25F-4FAF-870C-4B442F154ED0} = {CB7FCA07-3846-4B61-9C17-A2AA53612C89}
		{605C38BC-8234-421F-A42A-6E4DF5DCA2E9} = {CB7FCA07-3846-4B61-9C17-A2AA53612C89}
	EndGlobalSection
EndGlobal
