
Microsoft Visual Studio Solution File, Format Version 10.00
# Visual Studio 2008
Project("{2150E333-8FDC-42A3-9474-1A3956D46DE8}") = "old", "old", "{06336CC4-C001-4A78-A9AF-08238E84AD6D}"
EndProject
Project("{FAE04EC0-301F-11D3-BF4B-00C04F79EFBC}") = "Spammer3", "Spammer3\Spammer3.csproj", "{3512FB7A-C27D-4FC2-9885-0397C3C7DA2D}"
EndProject
Project("{FAE04EC0-301F-11D3-BF4B-00C04F79EFBC}") = "Sniffer", "Sniffer\Sniffer.csproj", "{FBD3FC34-5C5B-4577-88BB-81E0DE2C5C16}"
EndProject
Project("{FAE04EC0-301F-11D3-BF4B-00C04F79EFBC}") = "ProxyPinger", "ProxyPinger\ProxyPinger.csproj", "{F17F20BF-B062-4868-903B-E47F1EC8AFDA}"
EndProject
Project("{FAE04EC0-301F-11D3-BF4B-00C04F79EFBC}") = "EmailTest", "EmailTest\EmailTest.csproj", "{EA30514F-0B6A-4853-AFA5-FFA09201B512}"
EndProject
Project("{FAE04EC0-301F-11D3-BF4B-00C04F79EFBC}") = "DevianArt", "DevianArt\DevianArt.csproj", "{33CF887C-4FA9-4B2A-80FD-7827B4655DE3}"
EndProject
Project("{FAE04EC0-301F-11D3-BF4B-00C04F79EFBC}") = "Anonib", "Anonib\Anonib.csproj", "{E7701751-B451-49A3-BA6A-55F9067E149A}"
EndProject
Project("{FAE04EC0-301F-11D3-BF4B-00C04F79EFBC}") = "yiffru", "yiffru\yiffru.csproj", "{B99A2339-1A04-40A5-B0A4-B2171DA3E84B}"
EndProject
Project("{FAE04EC0-301F-11D3-BF4B-00C04F79EFBC}") = "Scheduler", "Scheduler\Scheduler.csproj", "{D13F559C-0761-4233-ACCE-54658C32FEE7}"
EndProject
Project("{FAE04EC0-301F-11D3-BF4B-00C04F79EFBC}") = "vkontakte", "vkontakte\vkontakte.csproj", "{44266AE7-403C-4757-97DD-E74781BA99CA}"
EndProject
Project("{FAE04EC0-301F-11D3-BF4B-00C04F79EFBC}") = "GamedevOrg", "GamedevOrg\GamedevOrg.csproj", "{CD237071-0457-43A8-A353-0431F06E4687}"
EndProject
Project("{FAE04EC0-301F-11D3-BF4B-00C04F79EFBC}") = "Irc", "Irc\Irc.csproj", "{E1CB86EA-F8FC-4E7F-94A4-B12B1056A713}"
EndProject
Project("{FAE04EC0-301F-11D3-BF4B-00C04F79EFBC}") = "Softoroom", "Softoroom\Softoroom.csproj", "{09FC4C70-BC4E-4ACB-9801-C2FF89E0D27B}"
EndProject
Project("{FAE04EC0-301F-11D3-BF4B-00C04F79EFBC}") = "Philka.ru", "Philka.ru\Philka.ru.csproj", "{B2CD7B21-2A05-47A1-A48E-A98DACF0B0B5}"
EndProject
Project("{FAE04EC0-301F-11D3-BF4B-00C04F79EFBC}") = "lavteam.com", "lavteam.com\lavteam.com.csproj", "{26BFDD04-D2CE-4D7F-A7DE-8A71B3AC879C}"
EndProject
Project("{FAE04EC0-301F-11D3-BF4B-00C04F79EFBC}") = "vingrad.ru", "vingrad.ru\vingrad.ru.csproj", "{AE822089-8D37-41FB-85BC-5D13AE8AB00C}"
EndProject
Project("{FAE04EC0-301F-11D3-BF4B-00C04F79EFBC}") = "BrainWash", "BrainWash\BrainWash.csproj", "{144489C3-571E-496D-9FD6-15842B86D1BA}"
EndProject
Project("{FAE04EC0-301F-11D3-BF4B-00C04F79EFBC}") = "codenet", "ConsoleApplication1\codenet.csproj", "{8C12D37A-32B1-4F20-8A49-C48EF29DBED2}"
EndProject
Project("{FAE04EC0-301F-11D3-BF4B-00C04F79EFBC}") = "GameDevRu", "GameDevRu\GameDevRu.csproj", "{56F40208-F99A-4306-905F-62C244B04744}"
EndProject
Project("{FAE04EC0-301F-11D3-BF4B-00C04F79EFBC}") = "botva-online", "botva-online\botva-online.csproj", "{E3CC72E5-7308-4883-AF4F-D3602D77AB5B}"
EndProject
Project("{FAE04EC0-301F-11D3-BF4B-00C04F79EFBC}") = "karabiner", "karabiner\karabiner.csproj", "{0AE6982F-07F0-4CAB-90F0-6C0207A9D325}"
EndProject
Project("{FAE04EC0-301F-11D3-BF4B-00C04F79EFBC}") = "IGTest", "IGTest\IGTest.csproj", "{D0886CA1-34A5-4D8F-BB11-95F76C5AA9F0}"
EndProject
Project("{FAE04EC0-301F-11D3-BF4B-00C04F79EFBC}") = "VectorWorld", "VectorWorld\VectorWorld.csproj", "{54DFC34A-3113-473A-A128-CC03563AB414}"
EndProject
Project("{FAE04EC0-301F-11D3-BF4B-00C04F79EFBC}") = "VectorWorldWpf", "VectorWorldWpf\VectorWorldWpf.csproj", "{A8E4C670-421F-4A74-AD6F-D3A0943F50AB}"
EndProject
Project("{FAE04EC0-301F-11D3-BF4B-00C04F79EFBC}") = "FarserPhysicsTest", "WpfApplication3\FarserPhysicsTest.csproj", "{BFD99889-8D7E-4137-A23F-D1A8E9B560E6}"
EndProject
Project("{00000000-0000-0000-0000-000000000000}") = "WebApplication1", "WebApplication1\WebApplication1.csproj", "{13060BDC-6958-49DC-B655-9A88B74AAD0F}"
EndProject
Project("{FAE04EC0-301F-11D3-BF4B-00C04F79EFBC}") = "GoogleSender", "ConsoleApplication2\GoogleSender.csproj", "{41A1BE6C-AAC8-41DA-BDFD-86190AE811E1}"
EndProject
Project("{FAE04EC0-301F-11D3-BF4B-00C04F79EFBC}") = "Organizer", "Organizer\Organizer.csproj", "{771CDF02-D71E-47D5-88BD-56FC702BD2F0}"
EndProject
Project("{FAE04EC0-301F-11D3-BF4B-00C04F79EFBC}") = "ConsoleApplication3", "ConsoleApplication3\ConsoleApplication3.csproj", "{7BBF0555-FBFA-4D25-B669-4CC7103A2B09}"
EndProject
Project("{FAE04EC0-301F-11D3-BF4B-00C04F79EFBC}") = "Server", "Server\Server.csproj", "{F6EA0622-F22E-423E-A76E-F48F6C15AEFC}"
EndProject
Project("{FAE04EC0-301F-11D3-BF4B-00C04F79EFBC}") = "CounterStrikeLive", "CounterStrikeLive\CounterStrikeLive.csproj", "{52D58643-014A-4299-B07B-F8B810316168}"
EndProject
Project("{FAE04EC0-301F-11D3-BF4B-00C04F79EFBC}") = "CounterStrikeLiveWeb", "CounterStrikeLiveWeb\CounterStrikeLiveWeb.csproj", "{98663CC6-E204-4707-B04D-ECE305D939C2}"
EndProject
Project("{2150E333-8FDC-42A3-9474-1A3956D46DE8}") = "cslive", "cslive", "{941445AD-1995-4E1C-BE3F-098E6A47F8A5}"
EndProject
Project("{FAE04EC0-301F-11D3-BF4B-00C04F79EFBC}") = "Helper", "Helper\Helper.csproj", "{4DE8D8C1-6F75-42AD-AA46-BD35BB71352A}"
EndProject
Project("{FAE04EC0-301F-11D3-BF4B-00C04F79EFBC}") = "HelperSL", "Helper\HelperSL.csproj", "{443B377E-8155-43E3-821D-429BFB595770}"
EndProject
Project("{FAE04EC0-301F-11D3-BF4B-00C04F79EFBC}") = "Cleaner2", "Cleaner2\Cleaner2.csproj", "{D2B571A0-218D-4798-874B-AD8204125C27}"
EndProject
Project("{FAE04EC0-301F-11D3-BF4B-00C04F79EFBC}") = "LevelEditor4", "LevelEditor4\LevelEditor4.csproj", "{6132AD36-241E-47EA-BCE0-58701A525D60}"
EndProject
Project("{FAE04EC0-301F-11D3-BF4B-00C04F79EFBC}") = "SilverlightApplication2", "SilverlightApplication2\SilverlightApplication2.csproj", "{68F4CC33-87EA-4148-B9B1-3A25BE994A05}"
EndProject
Project("{FAE04EC0-301F-11D3-BF4B-00C04F79EFBC}") = "WormsPhysics", "WormsPhysics\WormsPhysics.csproj", "{1602DF1C-DEC7-4105-8AB0-8D32CE98BA7D}"
EndProject
Project("{FAE04EC0-301F-11D3-BF4B-00C04F79EFBC}") = "FarseerPhysics", "Farseer Physics 2.1 Class Library\FarseerPhysics.csproj", "{95B40504-C1C2-4FCD-98B3-B63AD35D6336}"
EndProject
Project("{FAE04EC0-301F-11D3-BF4B-00C04F79EFBC}") = "FarseerPhysicsMobile", "Farseer Physics 2.1 Class Library\FarseerPhysicsMobile.csproj", "{767C5503-C25F-4FAF-870C-4B442F154ED0}"
EndProject
Project("{FAE04EC0-301F-11D3-BF4B-00C04F79EFBC}") = "VertexTest", "BallGame\VertexTest.csproj", "{CE970818-0F06-4A58-BD05-E46A1175AD37}"
EndProject
Project("{FAE04EC0-301F-11D3-BF4B-00C04F79EFBC}") = "HelperMobile", "Helper\HelperMobile.csproj", "{605C38BC-8234-421F-A42A-6E4DF5DCA2E9}"
EndProject
Project("{2150E333-8FDC-42A3-9474-1A3956D46DE8}") = "farser", "farser", "{FB24D377-61BE-45F7-90C7-032E371B1382}"
EndProject
Project("{FAE04EC0-301F-11D3-BF4B-00C04F79EFBC}") = "WpfApplication2", "WpfApplication2\WpfApplication2.csproj", "{295B0B53-B21E-4F87-90B8-2D5CFCFFAEE0}"
EndProject
Project("{FAE04EC0-301F-11D3-BF4B-00C04F79EFBC}") = "WpfApplication1", "WpfApplication1\WpfApplication1\WpfApplication1.csproj", "{A8891D7A-5F6E-4A18-99F0-1EBA57378A5F}"
EndProject
Project("{FAE04EC0-301F-11D3-BF4B-00C04F79EFBC}") = "14Text3D", "Text3D\14Text3D.csproj", "{3FD493DC-EA92-44FA-B65F-739E7E3DD3B9}"
EndProject
Project("{2150E333-8FDC-42A3-9474-1A3956D46DE8}") = "samples", "samples", "{CBFD8614-ED1D-41EC-BD3F-439F8EEF91B4}"
EndProject
Project("{FAE04EC0-301F-11D3-BF4B-00C04F79EFBC}") = "MobileSpammer", "SmartDeviceProject7\MobileSpammer.csproj", "{5E7B74F2-9948-45FD-9D93-DABD9E88F12E}"
EndProject
Project("{FAE04EC0-301F-11D3-BF4B-00C04F79EFBC}") = "ConsoleApplication5", "ConsoleApplication5\ConsoleApplication5.csproj", "{693B1219-1C40-4B76-B5EB-6B53D924D16D}"
EndProject
Project("{FAE04EC0-301F-11D3-BF4B-00C04F79EFBC}") = "FarseerPhysicsSilverlight", "Farseer Physics 2.1 Class Library\FarseerPhysicsSilverlight.csproj", "{1D0B97EA-FE4A-498E-A21B-D0D476464925}"
EndProject
Project("{FAE04EC0-301F-11D3-BF4B-00C04F79EFBC}") = "YouTubeUploader", "YouTubeUploader\YouTubeUploader.csproj", "{76661461-9CDF-42D6-8DF6-5AC5F0239395}"
EndProject
Project("{FAE04EC0-301F-11D3-BF4B-00C04F79EFBC}") = "GooGleRegger", "GooGleRegger\GooGleRegger.csproj", "{FAC04011-C0D8-4DAC-95C9-C3F5C2AC4935}"
EndProject
Project("{FAE04EC0-301F-11D3-BF4B-00C04F79EFBC}") = "16Vertices", "Vertices\16Vertices.csproj", "{6993453E-0BBB-4827-AB2F-625BD50F61A1}"
EndProject
Project("{FAE04EC0-301F-11D3-BF4B-00C04F79EFBC}") = "BallGameMobile", "BallGame\BallGameMobile.csproj", "{17B02620-623E-46CC-9228-FD078B0EC8EC}"
EndProject
Global
	GlobalSection(SubversionScc) = preSolution
		Svn-Managed = True
		Manager = AnkhSVN - Subversion Support for Visual Studio
	EndGlobalSection
	GlobalSection(SolutionConfigurationPlatforms) = preSolution
		Debug|Any CPU = Debug|Any CPU
		Debug|Mixed Platforms = Debug|Mixed Platforms
		Debug|x86 = Debug|x86
		Release|Any CPU = Release|Any CPU
		Release|Mixed Platforms = Release|Mixed Platforms
		Release|x86 = Release|x86
	EndGlobalSection
	GlobalSection(ProjectConfigurationPlatforms) = postSolution
		{3512FB7A-C27D-4FC2-9885-0397C3C7DA2D}.Debug|Any CPU.ActiveCfg = Debug|Any CPU
		{3512FB7A-C27D-4FC2-9885-0397C3C7DA2D}.Debug|Any CPU.Build.0 = Debug|Any CPU
		{3512FB7A-C27D-4FC2-9885-0397C3C7DA2D}.Debug|Mixed Platforms.ActiveCfg = Debug|Any CPU
		{3512FB7A-C27D-4FC2-9885-0397C3C7DA2D}.Debug|x86.ActiveCfg = Debug|Any CPU
		{3512FB7A-C27D-4FC2-9885-0397C3C7DA2D}.Release|Any CPU.ActiveCfg = Release|Any CPU
		{3512FB7A-C27D-4FC2-9885-0397C3C7DA2D}.Release|Any CPU.Build.0 = Release|Any CPU
		{3512FB7A-C27D-4FC2-9885-0397C3C7DA2D}.Release|Mixed Platforms.ActiveCfg = Release|Any CPU
		{3512FB7A-C27D-4FC2-9885-0397C3C7DA2D}.Release|x86.ActiveCfg = Release|Any CPU
		{FBD3FC34-5C5B-4577-88BB-81E0DE2C5C16}.Debug|Any CPU.ActiveCfg = Debug|Any CPU
		{FBD3FC34-5C5B-4577-88BB-81E0DE2C5C16}.Debug|Any CPU.Build.0 = Debug|Any CPU
		{FBD3FC34-5C5B-4577-88BB-81E0DE2C5C16}.Debug|Mixed Platforms.ActiveCfg = Debug|Any CPU
		{FBD3FC34-5C5B-4577-88BB-81E0DE2C5C16}.Debug|x86.ActiveCfg = Debug|Any CPU
		{FBD3FC34-5C5B-4577-88BB-81E0DE2C5C16}.Release|Any CPU.ActiveCfg = Release|Any CPU
		{FBD3FC34-5C5B-4577-88BB-81E0DE2C5C16}.Release|Any CPU.Build.0 = Release|Any CPU
		{FBD3FC34-5C5B-4577-88BB-81E0DE2C5C16}.Release|Mixed Platforms.ActiveCfg = Release|Any CPU
		{FBD3FC34-5C5B-4577-88BB-81E0DE2C5C16}.Release|x86.ActiveCfg = Release|Any CPU
		{F17F20BF-B062-4868-903B-E47F1EC8AFDA}.Debug|Any CPU.ActiveCfg = Debug|Any CPU
		{F17F20BF-B062-4868-903B-E47F1EC8AFDA}.Debug|Any CPU.Build.0 = Debug|Any CPU
		{F17F20BF-B062-4868-903B-E47F1EC8AFDA}.Debug|Mixed Platforms.ActiveCfg = Debug|Any CPU
		{F17F20BF-B062-4868-903B-E47F1EC8AFDA}.Debug|x86.ActiveCfg = Debug|Any CPU
		{F17F20BF-B062-4868-903B-E47F1EC8AFDA}.Release|Any CPU.ActiveCfg = Release|Any CPU
		{F17F20BF-B062-4868-903B-E47F1EC8AFDA}.Release|Any CPU.Build.0 = Release|Any CPU
		{F17F20BF-B062-4868-903B-E47F1EC8AFDA}.Release|Mixed Platforms.ActiveCfg = Release|Any CPU
		{F17F20BF-B062-4868-903B-E47F1EC8AFDA}.Release|x86.ActiveCfg = Release|Any CPU
		{EA30514F-0B6A-4853-AFA5-FFA09201B512}.Debug|Any CPU.ActiveCfg = Debug|Any CPU
		{EA30514F-0B6A-4853-AFA5-FFA09201B512}.Debug|Any CPU.Build.0 = Debug|Any CPU
		{EA30514F-0B6A-4853-AFA5-FFA09201B512}.Debug|Mixed Platforms.ActiveCfg = Debug|Any CPU
		{EA30514F-0B6A-4853-AFA5-FFA09201B512}.Debug|x86.ActiveCfg = Debug|Any CPU
		{EA30514F-0B6A-4853-AFA5-FFA09201B512}.Release|Any CPU.ActiveCfg = Release|Any CPU
		{EA30514F-0B6A-4853-AFA5-FFA09201B512}.Release|Any CPU.Build.0 = Release|Any CPU
		{EA30514F-0B6A-4853-AFA5-FFA09201B512}.Release|Mixed Platforms.ActiveCfg = Release|Any CPU
		{EA30514F-0B6A-4853-AFA5-FFA09201B512}.Release|x86.ActiveCfg = Release|Any CPU
		{33CF887C-4FA9-4B2A-80FD-7827B4655DE3}.Debug|Any CPU.ActiveCfg = Debug|Any CPU
		{33CF887C-4FA9-4B2A-80FD-7827B4655DE3}.Debug|Any CPU.Build.0 = Debug|Any CPU
		{33CF887C-4FA9-4B2A-80FD-7827B4655DE3}.Debug|Mixed Platforms.ActiveCfg = Debug|Any CPU
		{33CF887C-4FA9-4B2A-80FD-7827B4655DE3}.Debug|x86.ActiveCfg = Debug|Any CPU
		{33CF887C-4FA9-4B2A-80FD-7827B4655DE3}.Release|Any CPU.ActiveCfg = Release|Any CPU
		{33CF887C-4FA9-4B2A-80FD-7827B4655DE3}.Release|Any CPU.Build.0 = Release|Any CPU
		{33CF887C-4FA9-4B2A-80FD-7827B4655DE3}.Release|Mixed Platforms.ActiveCfg = Release|Any CPU
		{33CF887C-4FA9-4B2A-80FD-7827B4655DE3}.Release|x86.ActiveCfg = Release|Any CPU
		{E7701751-B451-49A3-BA6A-55F9067E149A}.Debug|Any CPU.ActiveCfg = Debug|Any CPU
		{E7701751-B451-49A3-BA6A-55F9067E149A}.Debug|Any CPU.Build.0 = Debug|Any CPU
		{E7701751-B451-49A3-BA6A-55F9067E149A}.Debug|Mixed Platforms.ActiveCfg = Debug|Any CPU
		{E7701751-B451-49A3-BA6A-55F9067E149A}.Debug|x86.ActiveCfg = Debug|Any CPU
		{E7701751-B451-49A3-BA6A-55F9067E149A}.Release|Any CPU.ActiveCfg = Release|Any CPU
		{E7701751-B451-49A3-BA6A-55F9067E149A}.Release|Any CPU.Build.0 = Release|Any CPU
		{E7701751-B451-49A3-BA6A-55F9067E149A}.Release|Mixed Platforms.ActiveCfg = Release|Any CPU
		{E7701751-B451-49A3-BA6A-55F9067E149A}.Release|x86.ActiveCfg = Release|Any CPU
		{B99A2339-1A04-40A5-B0A4-B2171DA3E84B}.Debug|Any CPU.ActiveCfg = Debug|Any CPU
		{B99A2339-1A04-40A5-B0A4-B2171DA3E84B}.Debug|Any CPU.Build.0 = Debug|Any CPU
		{B99A2339-1A04-40A5-B0A4-B2171DA3E84B}.Debug|Mixed Platforms.ActiveCfg = Debug|Any CPU
		{B99A2339-1A04-40A5-B0A4-B2171DA3E84B}.Debug|x86.ActiveCfg = Debug|Any CPU
		{B99A2339-1A04-40A5-B0A4-B2171DA3E84B}.Release|Any CPU.ActiveCfg = Release|Any CPU
		{B99A2339-1A04-40A5-B0A4-B2171DA3E84B}.Release|Any CPU.Build.0 = Release|Any CPU
		{B99A2339-1A04-40A5-B0A4-B2171DA3E84B}.Release|Mixed Platforms.ActiveCfg = Release|Any CPU
		{B99A2339-1A04-40A5-B0A4-B2171DA3E84B}.Release|x86.ActiveCfg = Release|Any CPU
		{D13F559C-0761-4233-ACCE-54658C32FEE7}.Debug|Any CPU.ActiveCfg = Debug|Any CPU
		{D13F559C-0761-4233-ACCE-54658C32FEE7}.Debug|Any CPU.Build.0 = Debug|Any CPU
		{D13F559C-0761-4233-ACCE-54658C32FEE7}.Debug|Mixed Platforms.ActiveCfg = Debug|Any CPU
		{D13F559C-0761-4233-ACCE-54658C32FEE7}.Debug|x86.ActiveCfg = Debug|Any CPU
		{D13F559C-0761-4233-ACCE-54658C32FEE7}.Release|Any CPU.ActiveCfg = Release|Any CPU
		{D13F559C-0761-4233-ACCE-54658C32FEE7}.Release|Any CPU.Build.0 = Release|Any CPU
		{D13F559C-0761-4233-ACCE-54658C32FEE7}.Release|Mixed Platforms.ActiveCfg = Release|Any CPU
		{D13F559C-0761-4233-ACCE-54658C32FEE7}.Release|x86.ActiveCfg = Release|Any CPU
		{44266AE7-403C-4757-97DD-E74781BA99CA}.Debug|Any CPU.ActiveCfg = Debug|Any CPU
		{44266AE7-403C-4757-97DD-E74781BA99CA}.Debug|Any CPU.Build.0 = Debug|Any CPU
		{44266AE7-403C-4757-97DD-E74781BA99CA}.Debug|Mixed Platforms.ActiveCfg = Debug|Any CPU
		{44266AE7-403C-4757-97DD-E74781BA99CA}.Debug|x86.ActiveCfg = Debug|Any CPU
		{44266AE7-403C-4757-97DD-E74781BA99CA}.Release|Any CPU.ActiveCfg = Release|Any CPU
		{44266AE7-403C-4757-97DD-E74781BA99CA}.Release|Any CPU.Build.0 = Release|Any CPU
		{44266AE7-403C-4757-97DD-E74781BA99CA}.Release|Mixed Platforms.ActiveCfg = Release|Any CPU
		{44266AE7-403C-4757-97DD-E74781BA99CA}.Release|x86.ActiveCfg = Release|Any CPU
		{CD237071-0457-43A8-A353-0431F06E4687}.Debug|Any CPU.ActiveCfg = Debug|Any CPU
		{CD237071-0457-43A8-A353-0431F06E4687}.Debug|Any CPU.Build.0 = Debug|Any CPU
		{CD237071-0457-43A8-A353-0431F06E4687}.Debug|Mixed Platforms.ActiveCfg = Debug|Any CPU
		{CD237071-0457-43A8-A353-0431F06E4687}.Debug|x86.ActiveCfg = Debug|Any CPU
		{CD237071-0457-43A8-A353-0431F06E4687}.Release|Any CPU.ActiveCfg = Release|Any CPU
		{CD237071-0457-43A8-A353-0431F06E4687}.Release|Any CPU.Build.0 = Release|Any CPU
		{CD237071-0457-43A8-A353-0431F06E4687}.Release|Mixed Platforms.ActiveCfg = Release|Any CPU
		{CD237071-0457-43A8-A353-0431F06E4687}.Release|x86.ActiveCfg = Release|Any CPU
		{E1CB86EA-F8FC-4E7F-94A4-B12B1056A713}.Debug|Any CPU.ActiveCfg = Debug|Any CPU
		{E1CB86EA-F8FC-4E7F-94A4-B12B1056A713}.Debug|Any CPU.Build.0 = Debug|Any CPU
		{E1CB86EA-F8FC-4E7F-94A4-B12B1056A713}.Debug|Mixed Platforms.ActiveCfg = Debug|Any CPU
		{E1CB86EA-F8FC-4E7F-94A4-B12B1056A713}.Debug|x86.ActiveCfg = Debug|Any CPU
		{E1CB86EA-F8FC-4E7F-94A4-B12B1056A713}.Release|Any CPU.ActiveCfg = Release|Any CPU
		{E1CB86EA-F8FC-4E7F-94A4-B12B1056A713}.Release|Any CPU.Build.0 = Release|Any CPU
		{E1CB86EA-F8FC-4E7F-94A4-B12B1056A713}.Release|Mixed Platforms.ActiveCfg = Release|Any CPU
		{E1CB86EA-F8FC-4E7F-94A4-B12B1056A713}.Release|x86.ActiveCfg = Release|Any CPU
		{09FC4C70-BC4E-4ACB-9801-C2FF89E0D27B}.Debug|Any CPU.ActiveCfg = Debug|Any CPU
		{09FC4C70-BC4E-4ACB-9801-C2FF89E0D27B}.Debug|Any CPU.Build.0 = Debug|Any CPU
		{09FC4C70-BC4E-4ACB-9801-C2FF89E0D27B}.Debug|Mixed Platforms.ActiveCfg = Debug|Any CPU
		{09FC4C70-BC4E-4ACB-9801-C2FF89E0D27B}.Debug|x86.ActiveCfg = Debug|Any CPU
		{09FC4C70-BC4E-4ACB-9801-C2FF89E0D27B}.Release|Any CPU.ActiveCfg = Release|Any CPU
		{09FC4C70-BC4E-4ACB-9801-C2FF89E0D27B}.Release|Any CPU.Build.0 = Release|Any CPU
		{09FC4C70-BC4E-4ACB-9801-C2FF89E0D27B}.Release|Mixed Platforms.ActiveCfg = Release|Any CPU
		{09FC4C70-BC4E-4ACB-9801-C2FF89E0D27B}.Release|x86.ActiveCfg = Release|Any CPU
		{B2CD7B21-2A05-47A1-A48E-A98DACF0B0B5}.Debug|Any CPU.ActiveCfg = Debug|Any CPU
		{B2CD7B21-2A05-47A1-A48E-A98DACF0B0B5}.Debug|Any CPU.Build.0 = Debug|Any CPU
		{B2CD7B21-2A05-47A1-A48E-A98DACF0B0B5}.Debug|Mixed Platforms.ActiveCfg = Debug|Any CPU
		{B2CD7B21-2A05-47A1-A48E-A98DACF0B0B5}.Debug|x86.ActiveCfg = Debug|Any CPU
		{B2CD7B21-2A05-47A1-A48E-A98DACF0B0B5}.Release|Any CPU.ActiveCfg = Release|Any CPU
		{B2CD7B21-2A05-47A1-A48E-A98DACF0B0B5}.Release|Any CPU.Build.0 = Release|Any CPU
		{B2CD7B21-2A05-47A1-A48E-A98DACF0B0B5}.Release|Mixed Platforms.ActiveCfg = Release|Any CPU
		{B2CD7B21-2A05-47A1-A48E-A98DACF0B0B5}.Release|x86.ActiveCfg = Release|Any CPU
		{26BFDD04-D2CE-4D7F-A7DE-8A71B3AC879C}.Debug|Any CPU.ActiveCfg = Debug|Any CPU
		{26BFDD04-D2CE-4D7F-A7DE-8A71B3AC879C}.Debug|Any CPU.Build.0 = Debug|Any CPU
		{26BFDD04-D2CE-4D7F-A7DE-8A71B3AC879C}.Debug|Mixed Platforms.ActiveCfg = Debug|Any CPU
		{26BFDD04-D2CE-4D7F-A7DE-8A71B3AC879C}.Debug|x86.ActiveCfg = Debug|Any CPU
		{26BFDD04-D2CE-4D7F-A7DE-8A71B3AC879C}.Release|Any CPU.ActiveCfg = Release|Any CPU
		{26BFDD04-D2CE-4D7F-A7DE-8A71B3AC879C}.Release|Any CPU.Build.0 = Release|Any CPU
		{26BFDD04-D2CE-4D7F-A7DE-8A71B3AC879C}.Release|Mixed Platforms.ActiveCfg = Release|Any CPU
		{26BFDD04-D2CE-4D7F-A7DE-8A71B3AC879C}.Release|x86.ActiveCfg = Release|Any CPU
		{AE822089-8D37-41FB-85BC-5D13AE8AB00C}.Debug|Any CPU.ActiveCfg = Debug|Any CPU
		{AE822089-8D37-41FB-85BC-5D13AE8AB00C}.Debug|Any CPU.Build.0 = Debug|Any CPU
		{AE822089-8D37-41FB-85BC-5D13AE8AB00C}.Debug|Mixed Platforms.ActiveCfg = Debug|Any CPU
		{AE822089-8D37-41FB-85BC-5D13AE8AB00C}.Debug|x86.ActiveCfg = Debug|Any CPU
		{AE822089-8D37-41FB-85BC-5D13AE8AB00C}.Release|Any CPU.ActiveCfg = Release|Any CPU
		{AE822089-8D37-41FB-85BC-5D13AE8AB00C}.Release|Any CPU.Build.0 = Release|Any CPU
		{AE822089-8D37-41FB-85BC-5D13AE8AB00C}.Release|Mixed Platforms.ActiveCfg = Release|Any CPU
		{AE822089-8D37-41FB-85BC-5D13AE8AB00C}.Release|x86.ActiveCfg = Release|Any CPU
		{144489C3-571E-496D-9FD6-15842B86D1BA}.Debug|Any CPU.ActiveCfg = Debug|Any CPU
		{144489C3-571E-496D-9FD6-15842B86D1BA}.Debug|Any CPU.Build.0 = Debug|Any CPU
		{144489C3-571E-496D-9FD6-15842B86D1BA}.Debug|Mixed Platforms.ActiveCfg = Debug|Any CPU
		{144489C3-571E-496D-9FD6-15842B86D1BA}.Debug|x86.ActiveCfg = Debug|Any CPU
		{144489C3-571E-496D-9FD6-15842B86D1BA}.Release|Any CPU.ActiveCfg = Release|Any CPU
		{144489C3-571E-496D-9FD6-15842B86D1BA}.Release|Any CPU.Build.0 = Release|Any CPU
		{144489C3-571E-496D-9FD6-15842B86D1BA}.Release|Mixed Platforms.ActiveCfg = Release|Any CPU
		{144489C3-571E-496D-9FD6-15842B86D1BA}.Release|x86.ActiveCfg = Release|Any CPU
		{8C12D37A-32B1-4F20-8A49-C48EF29DBED2}.Debug|Any CPU.ActiveCfg = Debug|Any CPU
		{8C12D37A-32B1-4F20-8A49-C48EF29DBED2}.Debug|Any CPU.Build.0 = Debug|Any CPU
		{8C12D37A-32B1-4F20-8A49-C48EF29DBED2}.Debug|Mixed Platforms.ActiveCfg = Debug|Any CPU
		{8C12D37A-32B1-4F20-8A49-C48EF29DBED2}.Debug|x86.ActiveCfg = Debug|Any CPU
		{8C12D37A-32B1-4F20-8A49-C48EF29DBED2}.Release|Any CPU.ActiveCfg = Release|Any CPU
		{8C12D37A-32B1-4F20-8A49-C48EF29DBED2}.Release|Any CPU.Build.0 = Release|Any CPU
		{8C12D37A-32B1-4F20-8A49-C48EF29DBED2}.Release|Mixed Platforms.ActiveCfg = Release|Any CPU
		{8C12D37A-32B1-4F20-8A49-C48EF29DBED2}.Release|x86.ActiveCfg = Release|Any CPU
		{56F40208-F99A-4306-905F-62C244B04744}.Debug|Any CPU.ActiveCfg = Debug|Any CPU
		{56F40208-F99A-4306-905F-62C244B04744}.Debug|Any CPU.Build.0 = Debug|Any CPU
		{56F40208-F99A-4306-905F-62C244B04744}.Debug|Mixed Platforms.ActiveCfg = Debug|Any CPU
		{56F40208-F99A-4306-905F-62C244B04744}.Debug|x86.ActiveCfg = Debug|Any CPU
		{56F40208-F99A-4306-905F-62C244B04744}.Release|Any CPU.ActiveCfg = Release|Any CPU
		{56F40208-F99A-4306-905F-62C244B04744}.Release|Any CPU.Build.0 = Release|Any CPU
		{56F40208-F99A-4306-905F-62C244B04744}.Release|Mixed Platforms.ActiveCfg = Release|Any CPU
		{56F40208-F99A-4306-905F-62C244B04744}.Release|x86.ActiveCfg = Release|Any CPU
		{E3CC72E5-7308-4883-AF4F-D3602D77AB5B}.Debug|Any CPU.ActiveCfg = Debug|Any CPU
		{E3CC72E5-7308-4883-AF4F-D3602D77AB5B}.Debug|Any CPU.Build.0 = Debug|Any CPU
		{E3CC72E5-7308-4883-AF4F-D3602D77AB5B}.Debug|Mixed Platforms.ActiveCfg = Debug|Any CPU
		{E3CC72E5-7308-4883-AF4F-D3602D77AB5B}.Debug|x86.ActiveCfg = Debug|Any CPU
		{E3CC72E5-7308-4883-AF4F-D3602D77AB5B}.Release|Any CPU.ActiveCfg = Release|Any CPU
		{E3CC72E5-7308-4883-AF4F-D3602D77AB5B}.Release|Any CPU.Build.0 = Release|Any CPU
		{E3CC72E5-7308-4883-AF4F-D3602D77AB5B}.Release|Mixed Platforms.ActiveCfg = Release|Any CPU
		{E3CC72E5-7308-4883-AF4F-D3602D77AB5B}.Release|x86.ActiveCfg = Release|Any CPU
		{0AE6982F-07F0-4CAB-90F0-6C0207A9D325}.Debug|Any CPU.ActiveCfg = Debug|Any CPU
		{0AE6982F-07F0-4CAB-90F0-6C0207A9D325}.Debug|Any CPU.Build.0 = Debug|Any CPU
		{0AE6982F-07F0-4CAB-90F0-6C0207A9D325}.Debug|Mixed Platforms.ActiveCfg = Debug|Any CPU
		{0AE6982F-07F0-4CAB-90F0-6C0207A9D325}.Debug|x86.ActiveCfg = Debug|Any CPU
		{0AE6982F-07F0-4CAB-90F0-6C0207A9D325}.Release|Any CPU.ActiveCfg = Release|Any CPU
		{0AE6982F-07F0-4CAB-90F0-6C0207A9D325}.Release|Any CPU.Build.0 = Release|Any CPU
		{0AE6982F-07F0-4CAB-90F0-6C0207A9D325}.Release|Mixed Platforms.ActiveCfg = Release|Any CPU
		{0AE6982F-07F0-4CAB-90F0-6C0207A9D325}.Release|x86.ActiveCfg = Release|Any CPU
		{D0886CA1-34A5-4D8F-BB11-95F76C5AA9F0}.Debug|Any CPU.ActiveCfg = Debug|Any CPU
		{D0886CA1-34A5-4D8F-BB11-95F76C5AA9F0}.Debug|Any CPU.Build.0 = Debug|Any CPU
		{D0886CA1-34A5-4D8F-BB11-95F76C5AA9F0}.Debug|Mixed Platforms.ActiveCfg = Debug|Any CPU
		{D0886CA1-34A5-4D8F-BB11-95F76C5AA9F0}.Debug|x86.ActiveCfg = Debug|Any CPU
		{D0886CA1-34A5-4D8F-BB11-95F76C5AA9F0}.Release|Any CPU.ActiveCfg = Release|Any CPU
		{D0886CA1-34A5-4D8F-BB11-95F76C5AA9F0}.Release|Any CPU.Build.0 = Release|Any CPU
		{D0886CA1-34A5-4D8F-BB11-95F76C5AA9F0}.Release|Mixed Platforms.ActiveCfg = Release|Any CPU
		{D0886CA1-34A5-4D8F-BB11-95F76C5AA9F0}.Release|x86.ActiveCfg = Release|Any CPU
		{54DFC34A-3113-473A-A128-CC03563AB414}.Debug|Any CPU.ActiveCfg = Debug|Any CPU
		{54DFC34A-3113-473A-A128-CC03563AB414}.Debug|Any CPU.Build.0 = Debug|Any CPU
		{54DFC34A-3113-473A-A128-CC03563AB414}.Debug|Mixed Platforms.ActiveCfg = Debug|Any CPU
		{54DFC34A-3113-473A-A128-CC03563AB414}.Debug|x86.ActiveCfg = Debug|Any CPU
		{54DFC34A-3113-473A-A128-CC03563AB414}.Release|Any CPU.ActiveCfg = Release|Any CPU
		{54DFC34A-3113-473A-A128-CC03563AB414}.Release|Any CPU.Build.0 = Release|Any CPU
		{54DFC34A-3113-473A-A128-CC03563AB414}.Release|Mixed Platforms.ActiveCfg = Release|Any CPU
		{54DFC34A-3113-473A-A128-CC03563AB414}.Release|x86.ActiveCfg = Release|Any CPU
		{A8E4C670-421F-4A74-AD6F-D3A0943F50AB}.Debug|Any CPU.ActiveCfg = Debug|Any CPU
		{A8E4C670-421F-4A74-AD6F-D3A0943F50AB}.Debug|Any CPU.Build.0 = Debug|Any CPU
		{A8E4C670-421F-4A74-AD6F-D3A0943F50AB}.Debug|Mixed Platforms.ActiveCfg = Debug|Any CPU
		{A8E4C670-421F-4A74-AD6F-D3A0943F50AB}.Debug|x86.ActiveCfg = Debug|Any CPU
		{A8E4C670-421F-4A74-AD6F-D3A0943F50AB}.Release|Any CPU.ActiveCfg = Release|Any CPU
		{A8E4C670-421F-4A74-AD6F-D3A0943F50AB}.Release|Any CPU.Build.0 = Release|Any CPU
		{A8E4C670-421F-4A74-AD6F-D3A0943F50AB}.Release|Mixed Platforms.ActiveCfg = Release|Any CPU
		{A8E4C670-421F-4A74-AD6F-D3A0943F50AB}.Release|x86.ActiveCfg = Release|Any CPU
		{BFD99889-8D7E-4137-A23F-D1A8E9B560E6}.Debug|Any CPU.ActiveCfg = Debug|Any CPU
		{BFD99889-8D7E-4137-A23F-D1A8E9B560E6}.Debug|Any CPU.Build.0 = Debug|Any CPU
		{BFD99889-8D7E-4137-A23F-D1A8E9B560E6}.Debug|Mixed Platforms.ActiveCfg = Debug|Any CPU
		{BFD99889-8D7E-4137-A23F-D1A8E9B560E6}.Debug|x86.ActiveCfg = Debug|Any CPU
		{BFD99889-8D7E-4137-A23F-D1A8E9B560E6}.Release|Any CPU.ActiveCfg = Release|Any CPU
		{BFD99889-8D7E-4137-A23F-D1A8E9B560E6}.Release|Any CPU.Build.0 = Release|Any CPU
		{BFD99889-8D7E-4137-A23F-D1A8E9B560E6}.Release|Mixed Platforms.ActiveCfg = Release|Any CPU
		{BFD99889-8D7E-4137-A23F-D1A8E9B560E6}.Release|x86.ActiveCfg = Release|Any CPU
		{13060BDC-6958-49DC-B655-9A88B74AAD0F}.Debug|Any CPU.ActiveCfg = Debug|Any CPU
		{13060BDC-6958-49DC-B655-9A88B74AAD0F}.Debug|Any CPU.Build.0 = Debug|Any CPU
		{13060BDC-6958-49DC-B655-9A88B74AAD0F}.Debug|Mixed Platforms.ActiveCfg = Debug|Any CPU
		{13060BDC-6958-49DC-B655-9A88B74AAD0F}.Debug|x86.ActiveCfg = Debug|Any CPU
		{13060BDC-6958-49DC-B655-9A88B74AAD0F}.Release|Any CPU.ActiveCfg = Release|Any CPU
		{13060BDC-6958-49DC-B655-9A88B74AAD0F}.Release|Any CPU.Build.0 = Release|Any CPU
		{13060BDC-6958-49DC-B655-9A88B74AAD0F}.Release|Mixed Platforms.ActiveCfg = Release|Any CPU
		{13060BDC-6958-49DC-B655-9A88B74AAD0F}.Release|x86.ActiveCfg = Release|Any CPU
		{41A1BE6C-AAC8-41DA-BDFD-86190AE811E1}.Debug|Any CPU.ActiveCfg = Debug|Any CPU
		{41A1BE6C-AAC8-41DA-BDFD-86190AE811E1}.Debug|Any CPU.Build.0 = Debug|Any CPU
		{41A1BE6C-AAC8-41DA-BDFD-86190AE811E1}.Debug|Mixed Platforms.ActiveCfg = Debug|Any CPU
		{41A1BE6C-AAC8-41DA-BDFD-86190AE811E1}.Debug|x86.ActiveCfg = Debug|Any CPU
		{41A1BE6C-AAC8-41DA-BDFD-86190AE811E1}.Release|Any CPU.ActiveCfg = Release|Any CPU
		{41A1BE6C-AAC8-41DA-BDFD-86190AE811E1}.Release|Any CPU.Build.0 = Release|Any CPU
		{41A1BE6C-AAC8-41DA-BDFD-86190AE811E1}.Release|Mixed Platforms.ActiveCfg = Release|Any CPU
		{41A1BE6C-AAC8-41DA-BDFD-86190AE811E1}.Release|x86.ActiveCfg = Release|Any CPU
		{771CDF02-D71E-47D5-88BD-56FC702BD2F0}.Debug|Any CPU.ActiveCfg = Debug|Any CPU
		{771CDF02-D71E-47D5-88BD-56FC702BD2F0}.Debug|Any CPU.Build.0 = Debug|Any CPU
		{771CDF02-D71E-47D5-88BD-56FC702BD2F0}.Debug|Mixed Platforms.ActiveCfg = Debug|Any CPU
		{771CDF02-D71E-47D5-88BD-56FC702BD2F0}.Debug|x86.ActiveCfg = Debug|Any CPU
		{771CDF02-D71E-47D5-88BD-56FC702BD2F0}.Release|Any CPU.ActiveCfg = Release|Any CPU
		{771CDF02-D71E-47D5-88BD-56FC702BD2F0}.Release|Any CPU.Build.0 = Release|Any CPU
		{771CDF02-D71E-47D5-88BD-56FC702BD2F0}.Release|Mixed Platforms.ActiveCfg = Release|Any CPU
		{771CDF02-D71E-47D5-88BD-56FC702BD2F0}.Release|x86.ActiveCfg = Release|Any CPU
		{7BBF0555-FBFA-4D25-B669-4CC7103A2B09}.Debug|Any CPU.ActiveCfg = Debug|Any CPU
		{7BBF0555-FBFA-4D25-B669-4CC7103A2B09}.Debug|Any CPU.Build.0 = Debug|Any CPU
		{7BBF0555-FBFA-4D25-B669-4CC7103A2B09}.Debug|Mixed Platforms.ActiveCfg = Debug|Any CPU
		{7BBF0555-FBFA-4D25-B669-4CC7103A2B09}.Debug|Mixed Platforms.Build.0 = Debug|Any CPU
		{7BBF0555-FBFA-4D25-B669-4CC7103A2B09}.Debug|x86.ActiveCfg = Debug|Any CPU
		{7BBF0555-FBFA-4D25-B669-4CC7103A2B09}.Release|Any CPU.ActiveCfg = Release|Any CPU
		{7BBF0555-FBFA-4D25-B669-4CC7103A2B09}.Release|Any CPU.Build.0 = Release|Any CPU
		{7BBF0555-FBFA-4D25-B669-4CC7103A2B09}.Release|Mixed Platforms.ActiveCfg = Release|Any CPU
		{7BBF0555-FBFA-4D25-B669-4CC7103A2B09}.Release|Mixed Platforms.Build.0 = Release|Any CPU
		{7BBF0555-FBFA-4D25-B669-4CC7103A2B09}.Release|x86.ActiveCfg = Release|Any CPU
		{F6EA0622-F22E-423E-A76E-F48F6C15AEFC}.Debug|Any CPU.ActiveCfg = Debug|Any CPU
		{F6EA0622-F22E-423E-A76E-F48F6C15AEFC}.Debug|Any CPU.Build.0 = Debug|Any CPU
		{F6EA0622-F22E-423E-A76E-F48F6C15AEFC}.Debug|Mixed Platforms.ActiveCfg = Debug|Any CPU
		{F6EA0622-F22E-423E-A76E-F48F6C15AEFC}.Debug|Mixed Platforms.Build.0 = Debug|Any CPU
		{F6EA0622-F22E-423E-A76E-F48F6C15AEFC}.Debug|x86.ActiveCfg = Debug|Any CPU
		{F6EA0622-F22E-423E-A76E-F48F6C15AEFC}.Release|Any CPU.ActiveCfg = Release|Any CPU
		{F6EA0622-F22E-423E-A76E-F48F6C15AEFC}.Release|Any CPU.Build.0 = Release|Any CPU
		{F6EA0622-F22E-423E-A76E-F48F6C15AEFC}.Release|Mixed Platforms.ActiveCfg = Release|Any CPU
		{F6EA0622-F22E-423E-A76E-F48F6C15AEFC}.Release|Mixed Platforms.Build.0 = Release|Any CPU
		{F6EA0622-F22E-423E-A76E-F48F6C15AEFC}.Release|x86.ActiveCfg = Release|Any CPU
		{52D58643-014A-4299-B07B-F8B810316168}.Debug|Any CPU.ActiveCfg = Debug|Any CPU
		{52D58643-014A-4299-B07B-F8B810316168}.Debug|Any CPU.Build.0 = Debug|Any CPU
		{52D58643-014A-4299-B07B-F8B810316168}.Debug|Mixed Platforms.ActiveCfg = Debug|Any CPU
		{52D58643-014A-4299-B07B-F8B810316168}.Debug|Mixed Platforms.Build.0 = Debug|Any CPU
		{52D58643-014A-4299-B07B-F8B810316168}.Debug|x86.ActiveCfg = Debug|Any CPU
		{52D58643-014A-4299-B07B-F8B810316168}.Release|Any CPU.ActiveCfg = Release|Any CPU
		{52D58643-014A-4299-B07B-F8B810316168}.Release|Any CPU.Build.0 = Release|Any CPU
		{52D58643-014A-4299-B07B-F8B810316168}.Release|Mixed Platforms.ActiveCfg = Release|Any CPU
		{52D58643-014A-4299-B07B-F8B810316168}.Release|Mixed Platforms.Build.0 = Release|Any CPU
		{52D58643-014A-4299-B07B-F8B810316168}.Release|x86.ActiveCfg = Release|Any CPU
		{98663CC6-E204-4707-B04D-ECE305D939C2}.Debug|Any CPU.ActiveCfg = Debug|Any CPU
		{98663CC6-E204-4707-B04D-ECE305D939C2}.Debug|Any CPU.Build.0 = Debug|Any CPU
		{98663CC6-E204-4707-B04D-ECE305D939C2}.Debug|Mixed Platforms.ActiveCfg = Debug|Any CPU
		{98663CC6-E204-4707-B04D-ECE305D939C2}.Debug|Mixed Platforms.Build.0 = Debug|Any CPU
		{98663CC6-E204-4707-B04D-ECE305D939C2}.Debug|x86.ActiveCfg = Debug|Any CPU
		{98663CC6-E204-4707-B04D-ECE305D939C2}.Release|Any CPU.ActiveCfg = Release|Any CPU
		{98663CC6-E204-4707-B04D-ECE305D939C2}.Release|Any CPU.Build.0 = Release|Any CPU
		{98663CC6-E204-4707-B04D-ECE305D939C2}.Release|Mixed Platforms.ActiveCfg = Release|Any CPU
		{98663CC6-E204-4707-B04D-ECE305D939C2}.Release|Mixed Platforms.Build.0 = Release|Any CPU
		{98663CC6-E204-4707-B04D-ECE305D939C2}.Release|x86.ActiveCfg = Release|Any CPU
		{4DE8D8C1-6F75-42AD-AA46-BD35BB71352A}.Debug|Any CPU.ActiveCfg = Debug|Any CPU
		{4DE8D8C1-6F75-42AD-AA46-BD35BB71352A}.Debug|Any CPU.Build.0 = Debug|Any CPU
		{4DE8D8C1-6F75-42AD-AA46-BD35BB71352A}.Debug|Mixed Platforms.ActiveCfg = Debug|Any CPU
		{4DE8D8C1-6F75-42AD-AA46-BD35BB71352A}.Debug|Mixed Platforms.Build.0 = Debug|Any CPU
		{4DE8D8C1-6F75-42AD-AA46-BD35BB71352A}.Debug|x86.ActiveCfg = Debug|Any CPU
		{4DE8D8C1-6F75-42AD-AA46-BD35BB71352A}.Release|Any CPU.ActiveCfg = Release|Any CPU
		{4DE8D8C1-6F75-42AD-AA46-BD35BB71352A}.Release|Any CPU.Build.0 = Release|Any CPU
		{4DE8D8C1-6F75-42AD-AA46-BD35BB71352A}.Release|Mixed Platforms.ActiveCfg = Release|Any CPU
		{4DE8D8C1-6F75-42AD-AA46-BD35BB71352A}.Release|Mixed Platforms.Build.0 = Release|Any CPU
		{4DE8D8C1-6F75-42AD-AA46-BD35BB71352A}.Release|x86.ActiveCfg = Release|Any CPU
		{443B377E-8155-43E3-821D-429BFB595770}.Debug|Any CPU.ActiveCfg = Debug|Any CPU
		{443B377E-8155-43E3-821D-429BFB595770}.Debug|Any CPU.Build.0 = Debug|Any CPU
		{443B377E-8155-43E3-821D-429BFB595770}.Debug|Mixed Platforms.ActiveCfg = Debug|Any CPU
		{443B377E-8155-43E3-821D-429BFB595770}.Debug|Mixed Platforms.Build.0 = Debug|Any CPU
		{443B377E-8155-43E3-821D-429BFB595770}.Debug|x86.ActiveCfg = Debug|Any CPU
		{443B377E-8155-43E3-821D-429BFB595770}.Release|Any CPU.ActiveCfg = Release|Any CPU
		{443B377E-8155-43E3-821D-429BFB595770}.Release|Any CPU.Build.0 = Release|Any CPU
		{443B377E-8155-43E3-821D-429BFB595770}.Release|Mixed Platforms.ActiveCfg = Release|Any CPU
		{443B377E-8155-43E3-821D-429BFB595770}.Release|Mixed Platforms.Build.0 = Release|Any CPU
		{443B377E-8155-43E3-821D-429BFB595770}.Release|x86.ActiveCfg = Release|Any CPU
		{D2B571A0-218D-4798-874B-AD8204125C27}.Debug|Any CPU.ActiveCfg = Debug|Any CPU
		{D2B571A0-218D-4798-874B-AD8204125C27}.Debug|Any CPU.Build.0 = Debug|Any CPU
		{D2B571A0-218D-4798-874B-AD8204125C27}.Debug|Mixed Platforms.ActiveCfg = Debug|Any CPU
		{D2B571A0-218D-4798-874B-AD8204125C27}.Debug|Mixed Platforms.Build.0 = Debug|Any CPU
		{D2B571A0-218D-4798-874B-AD8204125C27}.Debug|x86.ActiveCfg = Debug|Any CPU
		{D2B571A0-218D-4798-874B-AD8204125C27}.Release|Any CPU.ActiveCfg = Release|Any CPU
		{D2B571A0-218D-4798-874B-AD8204125C27}.Release|Any CPU.Build.0 = Release|Any CPU
		{D2B571A0-218D-4798-874B-AD8204125C27}.Release|Mixed Platforms.ActiveCfg = Release|Any CPU
		{D2B571A0-218D-4798-874B-AD8204125C27}.Release|Mixed Platforms.Build.0 = Release|Any CPU
		{D2B571A0-218D-4798-874B-AD8204125C27}.Release|x86.ActiveCfg = Release|Any CPU
		{6132AD36-241E-47EA-BCE0-58701A525D60}.Debug|Any CPU.ActiveCfg = Debug|Any CPU
		{6132AD36-241E-47EA-BCE0-58701A525D60}.Debug|Any CPU.Build.0 = Debug|Any CPU
		{6132AD36-241E-47EA-BCE0-58701A525D60}.Debug|Mixed Platforms.ActiveCfg = Debug|Any CPU
		{6132AD36-241E-47EA-BCE0-58701A525D60}.Debug|Mixed Platforms.Build.0 = Debug|Any CPU
		{6132AD36-241E-47EA-BCE0-58701A525D60}.Debug|x86.ActiveCfg = Debug|Any CPU
		{6132AD36-241E-47EA-BCE0-58701A525D60}.Release|Any CPU.ActiveCfg = Release|Any CPU
		{6132AD36-241E-47EA-BCE0-58701A525D60}.Release|Any CPU.Build.0 = Release|Any CPU
		{6132AD36-241E-47EA-BCE0-58701A525D60}.Release|Mixed Platforms.ActiveCfg = Release|Any CPU
		{6132AD36-241E-47EA-BCE0-58701A525D60}.Release|Mixed Platforms.Build.0 = Release|Any CPU
		{6132AD36-241E-47EA-BCE0-58701A525D60}.Release|x86.ActiveCfg = Release|Any CPU
		{68F4CC33-87EA-4148-B9B1-3A25BE994A05}.Debug|Any CPU.ActiveCfg = Debug|Any CPU
		{68F4CC33-87EA-4148-B9B1-3A25BE994A05}.Debug|Any CPU.Build.0 = Debug|Any CPU
		{68F4CC33-87EA-4148-B9B1-3A25BE994A05}.Debug|Mixed Platforms.ActiveCfg = Debug|Any CPU
		{68F4CC33-87EA-4148-B9B1-3A25BE994A05}.Debug|Mixed Platforms.Build.0 = Debug|Any CPU
		{68F4CC33-87EA-4148-B9B1-3A25BE994A05}.Debug|x86.ActiveCfg = Debug|Any CPU
		{68F4CC33-87EA-4148-B9B1-3A25BE994A05}.Release|Any CPU.ActiveCfg = Release|Any CPU
		{68F4CC33-87EA-4148-B9B1-3A25BE994A05}.Release|Any CPU.Build.0 = Release|Any CPU
		{68F4CC33-87EA-4148-B9B1-3A25BE994A05}.Release|Mixed Platforms.ActiveCfg = Release|Any CPU
		{68F4CC33-87EA-4148-B9B1-3A25BE994A05}.Release|Mixed Platforms.Build.0 = Release|Any CPU
		{68F4CC33-87EA-4148-B9B1-3A25BE994A05}.Release|x86.ActiveCfg = Release|Any CPU
		{1602DF1C-DEC7-4105-8AB0-8D32CE98BA7D}.Debug|Any CPU.ActiveCfg = Debug|Any CPU
		{1602DF1C-DEC7-4105-8AB0-8D32CE98BA7D}.Debug|Any CPU.Build.0 = Debug|Any CPU
		{1602DF1C-DEC7-4105-8AB0-8D32CE98BA7D}.Debug|Mixed Platforms.ActiveCfg = Debug|Any CPU
		{1602DF1C-DEC7-4105-8AB0-8D32CE98BA7D}.Debug|Mixed Platforms.Build.0 = Debug|Any CPU
		{1602DF1C-DEC7-4105-8AB0-8D32CE98BA7D}.Debug|x86.ActiveCfg = Debug|Any CPU
		{1602DF1C-DEC7-4105-8AB0-8D32CE98BA7D}.Release|Any CPU.ActiveCfg = Release|Any CPU
		{1602DF1C-DEC7-4105-8AB0-8D32CE98BA7D}.Release|Any CPU.Build.0 = Release|Any CPU
		{1602DF1C-DEC7-4105-8AB0-8D32CE98BA7D}.Release|Mixed Platforms.ActiveCfg = Release|Any CPU
		{1602DF1C-DEC7-4105-8AB0-8D32CE98BA7D}.Release|Mixed Platforms.Build.0 = Release|Any CPU
		{1602DF1C-DEC7-4105-8AB0-8D32CE98BA7D}.Release|x86.ActiveCfg = Release|Any CPU
		{95B40504-C1C2-4FCD-98B3-B63AD35D6336}.Debug|Any CPU.ActiveCfg = Debug|Any CPU
		{95B40504-C1C2-4FCD-98B3-B63AD35D6336}.Debug|Any CPU.Build.0 = Debug|Any CPU
		{95B40504-C1C2-4FCD-98B3-B63AD35D6336}.Debug|Mixed Platforms.ActiveCfg = Debug|x86
		{95B40504-C1C2-4FCD-98B3-B63AD35D6336}.Debug|Mixed Platforms.Build.0 = Debug|x86
		{95B40504-C1C2-4FCD-98B3-B63AD35D6336}.Debug|x86.ActiveCfg = Debug|x86
		{95B40504-C1C2-4FCD-98B3-B63AD35D6336}.Debug|x86.Build.0 = Debug|x86
		{95B40504-C1C2-4FCD-98B3-B63AD35D6336}.Release|Any CPU.ActiveCfg = Release|Any CPU
		{95B40504-C1C2-4FCD-98B3-B63AD35D6336}.Release|Any CPU.Build.0 = Release|Any CPU
		{95B40504-C1C2-4FCD-98B3-B63AD35D6336}.Release|Mixed Platforms.ActiveCfg = Release|x86
		{95B40504-C1C2-4FCD-98B3-B63AD35D6336}.Release|Mixed Platforms.Build.0 = Release|x86
		{95B40504-C1C2-4FCD-98B3-B63AD35D6336}.Release|x86.ActiveCfg = Release|x86
		{95B40504-C1C2-4FCD-98B3-B63AD35D6336}.Release|x86.Build.0 = Release|x86
		{767C5503-C25F-4FAF-870C-4B442F154ED0}.Debug|Any CPU.ActiveCfg = Debug|Any CPU
		{767C5503-C25F-4FAF-870C-4B442F154ED0}.Debug|Any CPU.Build.0 = Debug|Any CPU
		{767C5503-C25F-4FAF-870C-4B442F154ED0}.Debug|Any CPU.Deploy.0 = Debug|Any CPU
		{767C5503-C25F-4FAF-870C-4B442F154ED0}.Debug|Mixed Platforms.ActiveCfg = Debug|Any CPU
		{767C5503-C25F-4FAF-870C-4B442F154ED0}.Debug|Mixed Platforms.Build.0 = Debug|Any CPU
		{767C5503-C25F-4FAF-870C-4B442F154ED0}.Debug|x86.ActiveCfg = Debug|Any CPU
		{767C5503-C25F-4FAF-870C-4B442F154ED0}.Release|Any CPU.ActiveCfg = Release|Any CPU
		{767C5503-C25F-4FAF-870C-4B442F154ED0}.Release|Any CPU.Build.0 = Release|Any CPU
		{767C5503-C25F-4FAF-870C-4B442F154ED0}.Release|Mixed Platforms.ActiveCfg = Release|Any CPU
		{767C5503-C25F-4FAF-870C-4B442F154ED0}.Release|Mixed Platforms.Build.0 = Release|Any CPU
		{767C5503-C25F-4FAF-870C-4B442F154ED0}.Release|x86.ActiveCfg = Release|Any CPU
		{CE970818-0F06-4A58-BD05-E46A1175AD37}.Debug|Any CPU.ActiveCfg = Debug|Any CPU
		{CE970818-0F06-4A58-BD05-E46A1175AD37}.Debug|Mixed Platforms.ActiveCfg = Debug|Any CPU
		{CE970818-0F06-4A58-BD05-E46A1175AD37}.Debug|Mixed Platforms.Build.0 = Debug|Any CPU
		{CE970818-0F06-4A58-BD05-E46A1175AD37}.Debug|Mixed Platforms.Deploy.0 = Debug|Any CPU
		{CE970818-0F06-4A58-BD05-E46A1175AD37}.Debug|x86.ActiveCfg = Debug|Any CPU
		{CE970818-0F06-4A58-BD05-E46A1175AD37}.Release|Any CPU.ActiveCfg = Release|Any CPU
		{CE970818-0F06-4A58-BD05-E46A1175AD37}.Release|Any CPU.Build.0 = Release|Any CPU
		{CE970818-0F06-4A58-BD05-E46A1175AD37}.Release|Any CPU.Deploy.0 = Release|Any CPU
		{CE970818-0F06-4A58-BD05-E46A1175AD37}.Release|Mixed Platforms.ActiveCfg = Release|Any CPU
		{CE970818-0F06-4A58-BD05-E46A1175AD37}.Release|Mixed Platforms.Build.0 = Release|Any CPU
		{CE970818-0F06-4A58-BD05-E46A1175AD37}.Release|Mixed Platforms.Deploy.0 = Release|Any CPU
		{CE970818-0F06-4A58-BD05-E46A1175AD37}.Release|x86.ActiveCfg = Release|Any CPU
		{605C38BC-8234-421F-A42A-6E4DF5DCA2E9}.Debug|Any CPU.ActiveCfg = Debug|Any CPU
		{605C38BC-8234-421F-A42A-6E4DF5DCA2E9}.Debug|Any CPU.Build.0 = Debug|Any CPU
		{605C38BC-8234-421F-A42A-6E4DF5DCA2E9}.Debug|Any CPU.Deploy.0 = Debug|Any CPU
		{605C38BC-8234-421F-A42A-6E4DF5DCA2E9}.Debug|Mixed Platforms.ActiveCfg = Debug|Any CPU
		{605C38BC-8234-421F-A42A-6E4DF5DCA2E9}.Debug|Mixed Platforms.Build.0 = Debug|Any CPU
		{605C38BC-8234-421F-A42A-6E4DF5DCA2E9}.Debug|x86.ActiveCfg = Debug|Any CPU
		{605C38BC-8234-421F-A42A-6E4DF5DCA2E9}.Release|Any CPU.ActiveCfg = Release|Any CPU
		{605C38BC-8234-421F-A42A-6E4DF5DCA2E9}.Release|Any CPU.Build.0 = Release|Any CPU
		{605C38BC-8234-421F-A42A-6E4DF5DCA2E9}.Release|Mixed Platforms.ActiveCfg = Release|Any CPU
		{605C38BC-8234-421F-A42A-6E4DF5DCA2E9}.Release|Mixed Platforms.Build.0 = Release|Any CPU
		{605C38BC-8234-421F-A42A-6E4DF5DCA2E9}.Release|x86.ActiveCfg = Release|Any CPU
		{295B0B53-B21E-4F87-90B8-2D5CFCFFAEE0}.Debug|Any CPU.ActiveCfg = Debug|Any CPU
		{295B0B53-B21E-4F87-90B8-2D5CFCFFAEE0}.Debug|Any CPU.Build.0 = Debug|Any CPU
		{295B0B53-B21E-4F87-90B8-2D5CFCFFAEE0}.Debug|Mixed Platforms.ActiveCfg = Debug|Any CPU
		{295B0B53-B21E-4F87-90B8-2D5CFCFFAEE0}.Debug|Mixed Platforms.Build.0 = Debug|Any CPU
		{295B0B53-B21E-4F87-90B8-2D5CFCFFAEE0}.Debug|x86.ActiveCfg = Debug|Any CPU
		{295B0B53-B21E-4F87-90B8-2D5CFCFFAEE0}.Release|Any CPU.ActiveCfg = Release|Any CPU
		{295B0B53-B21E-4F87-90B8-2D5CFCFFAEE0}.Release|Any CPU.Build.0 = Release|Any CPU
		{295B0B53-B21E-4F87-90B8-2D5CFCFFAEE0}.Release|Mixed Platforms.ActiveCfg = Release|Any CPU
		{295B0B53-B21E-4F87-90B8-2D5CFCFFAEE0}.Release|Mixed Platforms.Build.0 = Release|Any CPU
		{295B0B53-B21E-4F87-90B8-2D5CFCFFAEE0}.Release|x86.ActiveCfg = Release|Any CPU
		{A8891D7A-5F6E-4A18-99F0-1EBA57378A5F}.Debug|Any CPU.ActiveCfg = Debug|Any CPU
		{A8891D7A-5F6E-4A18-99F0-1EBA57378A5F}.Debug|Any CPU.Build.0 = Debug|Any CPU
		{A8891D7A-5F6E-4A18-99F0-1EBA57378A5F}.Debug|Mixed Platforms.ActiveCfg = Debug|Any CPU
		{A8891D7A-5F6E-4A18-99F0-1EBA57378A5F}.Debug|Mixed Platforms.Build.0 = Debug|Any CPU
		{A8891D7A-5F6E-4A18-99F0-1EBA57378A5F}.Debug|x86.ActiveCfg = Debug|Any CPU
		{A8891D7A-5F6E-4A18-99F0-1EBA57378A5F}.Release|Any CPU.ActiveCfg = Release|Any CPU
		{A8891D7A-5F6E-4A18-99F0-1EBA57378A5F}.Release|Any CPU.Build.0 = Release|Any CPU
		{A8891D7A-5F6E-4A18-99F0-1EBA57378A5F}.Release|Mixed Platforms.ActiveCfg = Release|Any CPU
		{A8891D7A-5F6E-4A18-99F0-1EBA57378A5F}.Release|Mixed Platforms.Build.0 = Release|Any CPU
		{A8891D7A-5F6E-4A18-99F0-1EBA57378A5F}.Release|x86.ActiveCfg = Release|Any CPU
		{3FD493DC-EA92-44FA-B65F-739E7E3DD3B9}.Debug|Any CPU.ActiveCfg = Debug|Any CPU
		{3FD493DC-EA92-44FA-B65F-739E7E3DD3B9}.Debug|Any CPU.Build.0 = Debug|Any CPU
		{3FD493DC-EA92-44FA-B65F-739E7E3DD3B9}.Debug|Any CPU.Deploy.0 = Debug|Any CPU
		{3FD493DC-EA92-44FA-B65F-739E7E3DD3B9}.Debug|Mixed Platforms.ActiveCfg = Debug|Any CPU
		{3FD493DC-EA92-44FA-B65F-739E7E3DD3B9}.Debug|Mixed Platforms.Build.0 = Debug|Any CPU
		{3FD493DC-EA92-44FA-B65F-739E7E3DD3B9}.Debug|Mixed Platforms.Deploy.0 = Debug|Any CPU
		{3FD493DC-EA92-44FA-B65F-739E7E3DD3B9}.Debug|x86.ActiveCfg = Debug|Any CPU
		{3FD493DC-EA92-44FA-B65F-739E7E3DD3B9}.Release|Any CPU.ActiveCfg = Release|Any CPU
		{3FD493DC-EA92-44FA-B65F-739E7E3DD3B9}.Release|Any CPU.Build.0 = Release|Any CPU
		{3FD493DC-EA92-44FA-B65F-739E7E3DD3B9}.Release|Any CPU.Deploy.0 = Release|Any CPU
		{3FD493DC-EA92-44FA-B65F-739E7E3DD3B9}.Release|Mixed Platforms.ActiveCfg = Release|Any CPU
		{3FD493DC-EA92-44FA-B65F-739E7E3DD3B9}.Release|Mixed Platforms.Build.0 = Release|Any CPU
		{3FD493DC-EA92-44FA-B65F-739E7E3DD3B9}.Release|Mixed Platforms.Deploy.0 = Release|Any CPU
		{3FD493DC-EA92-44FA-B65F-739E7E3DD3B9}.Release|x86.ActiveCfg = Release|Any CPU
		{5E7B74F2-9948-45FD-9D93-DABD9E88F12E}.Debug|Any CPU.ActiveCfg = Debug|Any CPU
		{5E7B74F2-9948-45FD-9D93-DABD9E88F12E}.Debug|Any CPU.Build.0 = Debug|Any CPU
		{5E7B74F2-9948-45FD-9D93-DABD9E88F12E}.Debug|Any CPU.Deploy.0 = Debug|Any CPU
		{5E7B74F2-9948-45FD-9D93-DABD9E88F12E}.Debug|Mixed Platforms.ActiveCfg = Debug|Any CPU
		{5E7B74F2-9948-45FD-9D93-DABD9E88F12E}.Debug|Mixed Platforms.Build.0 = Debug|Any CPU
		{5E7B74F2-9948-45FD-9D93-DABD9E88F12E}.Debug|Mixed Platforms.Deploy.0 = Debug|Any CPU
		{5E7B74F2-9948-45FD-9D93-DABD9E88F12E}.Debug|x86.ActiveCfg = Debug|Any CPU
		{5E7B74F2-9948-45FD-9D93-DABD9E88F12E}.Release|Any CPU.ActiveCfg = Release|Any CPU
		{5E7B74F2-9948-45FD-9D93-DABD9E88F12E}.Release|Any CPU.Build.0 = Release|Any CPU
		{5E7B74F2-9948-45FD-9D93-DABD9E88F12E}.Release|Any CPU.Deploy.0 = Release|Any CPU
		{5E7B74F2-9948-45FD-9D93-DABD9E88F12E}.Release|Mixed Platforms.ActiveCfg = Release|Any CPU
		{5E7B74F2-9948-45FD-9D93-DABD9E88F12E}.Release|Mixed Platforms.Build.0 = Release|Any CPU
		{5E7B74F2-9948-45FD-9D93-DABD9E88F12E}.Release|Mixed Platforms.Deploy.0 = Release|Any CPU
		{5E7B74F2-9948-45FD-9D93-DABD9E88F12E}.Release|x86.ActiveCfg = Release|Any CPU
		{693B1219-1C40-4B76-B5EB-6B53D924D16D}.Debug|Any CPU.ActiveCfg = Debug|Any CPU
		{693B1219-1C40-4B76-B5EB-6B53D924D16D}.Debug|Any CPU.Build.0 = Debug|Any CPU
		{693B1219-1C40-4B76-B5EB-6B53D924D16D}.Debug|Mixed Platforms.ActiveCfg = Debug|Any CPU
		{693B1219-1C40-4B76-B5EB-6B53D924D16D}.Debug|Mixed Platforms.Build.0 = Debug|Any CPU
		{693B1219-1C40-4B76-B5EB-6B53D924D16D}.Debug|x86.ActiveCfg = Debug|Any CPU
		{693B1219-1C40-4B76-B5EB-6B53D924D16D}.Release|Any CPU.ActiveCfg = Release|Any CPU
		{693B1219-1C40-4B76-B5EB-6B53D924D16D}.Release|Any CPU.Build.0 = Release|Any CPU
		{693B1219-1C40-4B76-B5EB-6B53D924D16D}.Release|Mixed Platforms.ActiveCfg = Release|Any CPU
		{693B1219-1C40-4B76-B5EB-6B53D924D16D}.Release|Mixed Platforms.Build.0 = Release|Any CPU
		{693B1219-1C40-4B76-B5EB-6B53D924D16D}.Release|x86.ActiveCfg = Release|Any CPU
		{1D0B97EA-FE4A-498E-A21B-D0D476464925}.Debug|Any CPU.ActiveCfg = Debug|Any CPU
		{1D0B97EA-FE4A-498E-A21B-D0D476464925}.Debug|Any CPU.Build.0 = Debug|Any CPU
		{1D0B97EA-FE4A-498E-A21B-D0D476464925}.Debug|Mixed Platforms.ActiveCfg = Debug|x86
		{1D0B97EA-FE4A-498E-A21B-D0D476464925}.Debug|Mixed Platforms.Build.0 = Debug|x86
		{1D0B97EA-FE4A-498E-A21B-D0D476464925}.Debug|x86.ActiveCfg = Debug|x86
		{1D0B97EA-FE4A-498E-A21B-D0D476464925}.Debug|x86.Build.0 = Debug|x86
		{1D0B97EA-FE4A-498E-A21B-D0D476464925}.Release|Any CPU.ActiveCfg = Release|Any CPU
		{1D0B97EA-FE4A-498E-A21B-D0D476464925}.Release|Any CPU.Build.0 = Release|Any CPU
		{1D0B97EA-FE4A-498E-A21B-D0D476464925}.Release|Mixed Platforms.ActiveCfg = Release|x86
		{1D0B97EA-FE4A-498E-A21B-D0D476464925}.Release|Mixed Platforms.Build.0 = Release|x86
		{1D0B97EA-FE4A-498E-A21B-D0D476464925}.Release|x86.ActiveCfg = Release|x86
		{1D0B97EA-FE4A-498E-A21B-D0D476464925}.Release|x86.Build.0 = Release|x86
		{76661461-9CDF-42D6-8DF6-5AC5F0239395}.Debug|Any CPU.ActiveCfg = Debug|Any CPU
		{76661461-9CDF-42D6-8DF6-5AC5F0239395}.Debug|Any CPU.Build.0 = Debug|Any CPU
		{76661461-9CDF-42D6-8DF6-5AC5F0239395}.Debug|Mixed Platforms.ActiveCfg = Debug|Any CPU
		{76661461-9CDF-42D6-8DF6-5AC5F0239395}.Debug|Mixed Platforms.Build.0 = Debug|Any CPU
		{76661461-9CDF-42D6-8DF6-5AC5F0239395}.Debug|x86.ActiveCfg = Debug|Any CPU
		{76661461-9CDF-42D6-8DF6-5AC5F0239395}.Release|Any CPU.ActiveCfg = Release|Any CPU
		{76661461-9CDF-42D6-8DF6-5AC5F0239395}.Release|Any CPU.Build.0 = Release|Any CPU
		{76661461-9CDF-42D6-8DF6-5AC5F0239395}.Release|Mixed Platforms.ActiveCfg = Release|Any CPU
		{76661461-9CDF-42D6-8DF6-5AC5F0239395}.Release|Mixed Platforms.Build.0 = Release|Any CPU
		{76661461-9CDF-42D6-8DF6-5AC5F0239395}.Release|x86.ActiveCfg = Release|Any CPU
		{FAC04011-C0D8-4DAC-95C9-C3F5C2AC4935}.Debug|Any CPU.ActiveCfg = Debug|Any CPU
		{FAC04011-C0D8-4DAC-95C9-C3F5C2AC4935}.Debug|Any CPU.Build.0 = Debug|Any CPU
		{FAC04011-C0D8-4DAC-95C9-C3F5C2AC4935}.Debug|Mixed Platforms.ActiveCfg = Debug|Any CPU
		{FAC04011-C0D8-4DAC-95C9-C3F5C2AC4935}.Debug|Mixed Platforms.Build.0 = Debug|Any CPU
		{FAC04011-C0D8-4DAC-95C9-C3F5C2AC4935}.Debug|x86.ActiveCfg = Debug|Any CPU
		{FAC04011-C0D8-4DAC-95C9-C3F5C2AC4935}.Release|Any CPU.ActiveCfg = Release|Any CPU
		{FAC04011-C0D8-4DAC-95C9-C3F5C2AC4935}.Release|Any CPU.Build.0 = Release|Any CPU
		{FAC04011-C0D8-4DAC-95C9-C3F5C2AC4935}.Release|Mixed Platforms.ActiveCfg = Release|Any CPU
		{FAC04011-C0D8-4DAC-95C9-C3F5C2AC4935}.Release|Mixed Platforms.Build.0 = Release|Any CPU
		{FAC04011-C0D8-4DAC-95C9-C3F5C2AC4935}.Release|x86.ActiveCfg = Release|Any CPU
		{6993453E-0BBB-4827-AB2F-625BD50F61A1}.Debug|Any CPU.ActiveCfg = Debug|Any CPU
		{6993453E-0BBB-4827-AB2F-625BD50F61A1}.Debug|Any CPU.Build.0 = Debug|Any CPU
		{6993453E-0BBB-4827-AB2F-625BD50F61A1}.Debug|Any CPU.Deploy.0 = Debug|Any CPU
		{6993453E-0BBB-4827-AB2F-625BD50F61A1}.Debug|Mixed Platforms.ActiveCfg = Debug|Any CPU
		{6993453E-0BBB-4827-AB2F-625BD50F61A1}.Debug|Mixed Platforms.Build.0 = Debug|Any CPU
		{6993453E-0BBB-4827-AB2F-625BD50F61A1}.Debug|Mixed Platforms.Deploy.0 = Debug|Any CPU
		{6993453E-0BBB-4827-AB2F-625BD50F61A1}.Debug|x86.ActiveCfg = Debug|Any CPU
		{6993453E-0BBB-4827-AB2F-625BD50F61A1}.Release|Any CPU.ActiveCfg = Release|Any CPU
		{6993453E-0BBB-4827-AB2F-625BD50F61A1}.Release|Any CPU.Build.0 = Release|Any CPU
		{6993453E-0BBB-4827-AB2F-625BD50F61A1}.Release|Any CPU.Deploy.0 = Release|Any CPU
		{6993453E-0BBB-4827-AB2F-625BD50F61A1}.Release|Mixed Platforms.ActiveCfg = Release|Any CPU
		{6993453E-0BBB-4827-AB2F-625BD50F61A1}.Release|Mixed Platforms.Build.0 = Release|Any CPU
		{6993453E-0BBB-4827-AB2F-625BD50F61A1}.Release|Mixed Platforms.Deploy.0 = Release|Any CPU
		{6993453E-0BBB-4827-AB2F-625BD50F61A1}.Release|x86.ActiveCfg = Release|Any CPU
		{17B02620-623E-46CC-9228-FD078B0EC8EC}.Debug|Any CPU.ActiveCfg = Debug|Any CPU
		{17B02620-623E-46CC-9228-FD078B0EC8EC}.Debug|Any CPU.Build.0 = Debug|Any CPU
		{17B02620-623E-46CC-9228-FD078B0EC8EC}.Debug|Any CPU.Deploy.0 = Debug|Any CPU
		{17B02620-623E-46CC-9228-FD078B0EC8EC}.Debug|Mixed Platforms.ActiveCfg = Debug|Any CPU
		{17B02620-623E-46CC-9228-FD078B0EC8EC}.Debug|Mixed Platforms.Build.0 = Debug|Any CPU
		{17B02620-623E-46CC-9228-FD078B0EC8EC}.Debug|Mixed Platforms.Deploy.0 = Debug|Any CPU
		{17B02620-623E-46CC-9228-FD078B0EC8EC}.Debug|x86.ActiveCfg = Debug|Any CPU
		{17B02620-623E-46CC-9228-FD078B0EC8EC}.Release|Any CPU.ActiveCfg = Release|Any CPU
		{17B02620-623E-46CC-9228-FD078B0EC8EC}.Release|Any CPU.Build.0 = Release|Any CPU
		{17B02620-623E-46CC-9228-FD078B0EC8EC}.Release|Any CPU.Deploy.0 = Release|Any CPU
		{17B02620-623E-46CC-9228-FD078B0EC8EC}.Release|Mixed Platforms.ActiveCfg = Release|Any CPU
		{17B02620-623E-46CC-9228-FD078B0EC8EC}.Release|Mixed Platforms.Build.0 = Release|Any CPU
		{17B02620-623E-46CC-9228-FD078B0EC8EC}.Release|Mixed Platforms.Deploy.0 = Release|Any CPU
		{17B02620-623E-46CC-9228-FD078B0EC8EC}.Release|x86.ActiveCfg = Release|Any CPU
	EndGlobalSection
	GlobalSection(SolutionProperties) = preSolution
		HideSolutionNode = FALSE
	EndGlobalSection
	GlobalSection(NestedProjects) = preSolution
		{3512FB7A-C27D-4FC2-9885-0397C3C7DA2D} = {06336CC4-C001-4A78-A9AF-08238E84AD6D}
		{FBD3FC34-5C5B-4577-88BB-81E0DE2C5C16} = {06336CC4-C001-4A78-A9AF-08238E84AD6D}
		{F17F20BF-B062-4868-903B-E47F1EC8AFDA} = {06336CC4-C001-4A78-A9AF-08238E84AD6D}
		{EA30514F-0B6A-4853-AFA5-FFA09201B512} = {06336CC4-C001-4A78-A9AF-08238E84AD6D}
		{33CF887C-4FA9-4B2A-80FD-7827B4655DE3} = {06336CC4-C001-4A78-A9AF-08238E84AD6D}
		{E7701751-B451-49A3-BA6A-55F9067E149A} = {06336CC4-C001-4A78-A9AF-08238E84AD6D}
		{B99A2339-1A04-40A5-B0A4-B2171DA3E84B} = {06336CC4-C001-4A78-A9AF-08238E84AD6D}
		{D13F559C-0761-4233-ACCE-54658C32FEE7} = {06336CC4-C001-4A78-A9AF-08238E84AD6D}
		{44266AE7-403C-4757-97DD-E74781BA99CA} = {06336CC4-C001-4A78-A9AF-08238E84AD6D}
		{CD237071-0457-43A8-A353-0431F06E4687} = {06336CC4-C001-4A78-A9AF-08238E84AD6D}
		{E1CB86EA-F8FC-4E7F-94A4-B12B1056A713} = {06336CC4-C001-4A78-A9AF-08238E84AD6D}
		{09FC4C70-BC4E-4ACB-9801-C2FF89E0D27B} = {06336CC4-C001-4A78-A9AF-08238E84AD6D}
		{B2CD7B21-2A05-47A1-A48E-A98DACF0B0B5} = {06336CC4-C001-4A78-A9AF-08238E84AD6D}
		{26BFDD04-D2CE-4D7F-A7DE-8A71B3AC879C} = {06336CC4-C001-4A78-A9AF-08238E84AD6D}
		{AE822089-8D37-41FB-85BC-5D13AE8AB00C} = {06336CC4-C001-4A78-A9AF-08238E84AD6D}
		{144489C3-571E-496D-9FD6-15842B86D1BA} = {06336CC4-C001-4A78-A9AF-08238E84AD6D}
		{8C12D37A-32B1-4F20-8A49-C48EF29DBED2} = {06336CC4-C001-4A78-A9AF-08238E84AD6D}
		{56F40208-F99A-4306-905F-62C244B04744} = {06336CC4-C001-4A78-A9AF-08238E84AD6D}
		{E3CC72E5-7308-4883-AF4F-D3602D77AB5B} = {06336CC4-C001-4A78-A9AF-08238E84AD6D}
		{0AE6982F-07F0-4CAB-90F0-6C0207A9D325} = {06336CC4-C001-4A78-A9AF-08238E84AD6D}
		{D0886CA1-34A5-4D8F-BB11-95F76C5AA9F0} = {06336CC4-C001-4A78-A9AF-08238E84AD6D}
		{54DFC34A-3113-473A-A128-CC03563AB414} = {06336CC4-C001-4A78-A9AF-08238E84AD6D}
		{A8E4C670-421F-4A74-AD6F-D3A0943F50AB} = {06336CC4-C001-4A78-A9AF-08238E84AD6D}
		{13060BDC-6958-49DC-B655-9A88B74AAD0F} = {06336CC4-C001-4A78-A9AF-08238E84AD6D}
		{41A1BE6C-AAC8-41DA-BDFD-86190AE811E1} = {06336CC4-C001-4A78-A9AF-08238E84AD6D}
		{771CDF02-D71E-47D5-88BD-56FC702BD2F0} = {06336CC4-C001-4A78-A9AF-08238E84AD6D}
		{7BBF0555-FBFA-4D25-B669-4CC7103A2B09} = {06336CC4-C001-4A78-A9AF-08238E84AD6D}
		{941445AD-1995-4E1C-BE3F-098E6A47F8A5} = {06336CC4-C001-4A78-A9AF-08238E84AD6D}
		{D2B571A0-218D-4798-874B-AD8204125C27} = {06336CC4-C001-4A78-A9AF-08238E84AD6D}
		{6132AD36-241E-47EA-BCE0-58701A525D60} = {06336CC4-C001-4A78-A9AF-08238E84AD6D}
		{68F4CC33-87EA-4148-B9B1-3A25BE994A05} = {06336CC4-C001-4A78-A9AF-08238E84AD6D}
		{1602DF1C-DEC7-4105-8AB0-8D32CE98BA7D} = {06336CC4-C001-4A78-A9AF-08238E84AD6D}
		{CE970818-0F06-4A58-BD05-E46A1175AD37} = {06336CC4-C001-4A78-A9AF-08238E84AD6D}
		{295B0B53-B21E-4F87-90B8-2D5CFCFFAEE0} = {06336CC4-C001-4A78-A9AF-08238E84AD6D}
		{A8891D7A-5F6E-4A18-99F0-1EBA57378A5F} = {06336CC4-C001-4A78-A9AF-08238E84AD6D}
		{CBFD8614-ED1D-41EC-BD3F-439F8EEF91B4} = {06336CC4-C001-4A78-A9AF-08238E84AD6D}
		{5E7B74F2-9948-45FD-9D93-DABD9E88F12E} = {06336CC4-C001-4A78-A9AF-08238E84AD6D}
		{693B1219-1C40-4B76-B5EB-6B53D924D16D} = {06336CC4-C001-4A78-A9AF-08238E84AD6D}
		{95B40504-C1C2-4FCD-98B3-B63AD35D6336} = {FB24D377-61BE-45F7-90C7-032E371B1382}
		{767C5503-C25F-4FAF-870C-4B442F154ED0} = {FB24D377-61BE-45F7-90C7-032E371B1382}
		{BFD99889-8D7E-4137-A23F-D1A8E9B560E6} = {FB24D377-61BE-45F7-90C7-032E371B1382}
		{1D0B97EA-FE4A-498E-A21B-D0D476464925} = {FB24D377-61BE-45F7-90C7-032E371B1382}
		{52D58643-014A-4299-B07B-F8B810316168} = {941445AD-1995-4E1C-BE3F-098E6A47F8A5}
		{98663CC6-E204-4707-B04D-ECE305D939C2} = {941445AD-1995-4E1C-BE3F-098E6A47F8A5}
		{F6EA0622-F22E-423E-A76E-F48F6C15AEFC} = {941445AD-1995-4E1C-BE3F-098E6A47F8A5}
		{3FD493DC-EA92-44FA-B65F-739E7E3DD3B9} = {CBFD8614-ED1D-41EC-BD3F-439F8EEF91B4}
		{6993453E-0BBB-4827-AB2F-625BD50F61A1} = {CBFD8614-ED1D-41EC-BD3F-439F8EEF91B4}
	EndGlobalSection
EndGlobal
