
Microsoft Visual Studio Solution File, Format Version 10.00
# Visual Studio 2008
Project("{FAE04EC0-301F-11D3-BF4B-00C04F79EFBC}") = "SilverlightApplication2", "SilverlightApplication2\SilverlightApplication2.csproj", "{46ECB0CE-62EA-4DAF-96D4-46C910C2FCCC}"
EndProject
Global
	GlobalSection(SubversionScc) = preSolution
		Svn-Managed = True
		Manager = AnkhSVN - Subversion Support for Visual Studio
	EndGlobalSection
	GlobalSection(SolutionConfigurationPlatforms) = preSolution
		Debug|Any CPU = Debug|Any CPU
		Release|Any CPU = Release|Any CPU
	EndGlobalSection
	GlobalSection(ProjectConfigurationPlatforms) = postSolution
		{46ECB0CE-62EA-4DAF-96D4-46C910C2FCCC}.Debug|Any CPU.ActiveCfg = Debug|Any CPU
		{46ECB0CE-62EA-4DAF-96D4-46C910C2FCCC}.Debug|Any CPU.Build.0 = Debug|Any CPU
		{46ECB0CE-62EA-4DAF-96D4-46C910C2FCCC}.Release|Any CPU.ActiveCfg = Release|Any CPU
		{46ECB0CE-62EA-4DAF-96D4-46C910C2FCCC}.Release|Any CPU.Build.0 = Release|Any CPU
	EndGlobalSection
	GlobalSection(SolutionProperties) = preSolution
		HideSolutionNode = FALSE
	EndGlobalSection
EndGlobal
