
Microsoft Visual Studio Solution File, Format Version 10.00
# Visual Studio 2008
Project("{FAE04EC0-301F-11D3-BF4B-00C04F79EFBC}") = "CSLIVE.Web", "CSLIVE.Web\CSLIVE.Web.csproj", "{D36D6C98-532E-414C-8C77-FD50A111EBAB}"
EndProject
Project("{FAE04EC0-301F-11D3-BF4B-00C04F79EFBC}") = "CSLIVE.Server", "CSLIVE.Server\CSLIVE.Server.csproj", "{6D8B8DD7-1591-424B-8816-610FF97B11EF}"
EndProject
Project("{FAE04EC0-301F-11D3-BF4B-00C04F79EFBC}") = "CSLIVE", "CSLIVE\CSLIVE.csproj", "{EB4D542C-1CD5-4D09-8C69-2FF900FB413A}"
EndProject
Global
	GlobalSection(SubversionScc) = preSolution
		Svn-Managed = True
		Manager = AnkhSVN - Subversion Support for Visual Studio
	EndGlobalSection
	GlobalSection(SolutionConfigurationPlatforms) = preSolution
		Debug|Any CPU = Debug|Any CPU
		Release|Any CPU = Release|Any CPU
	EndGlobalSection
	GlobalSection(ProjectConfigurationPlatforms) = postSolution
		{D36D6C98-532E-414C-8C77-FD50A111EBAB}.Debug|Any CPU.ActiveCfg = Debug|Any CPU
		{D36D6C98-532E-414C-8C77-FD50A111EBAB}.Debug|Any CPU.Build.0 = Debug|Any CPU
		{D36D6C98-532E-414C-8C77-FD50A111EBAB}.Release|Any CPU.ActiveCfg = Release|Any CPU
		{D36D6C98-532E-414C-8C77-FD50A111EBAB}.Release|Any CPU.Build.0 = Release|Any CPU
		{6D8B8DD7-1591-424B-8816-610FF97B11EF}.Debug|Any CPU.ActiveCfg = Debug|Any CPU
		{6D8B8DD7-1591-424B-8816-610FF97B11EF}.Debug|Any CPU.Build.0 = Debug|Any CPU
		{6D8B8DD7-1591-424B-8816-610FF97B11EF}.Release|Any CPU.ActiveCfg = Release|Any CPU
		{6D8B8DD7-1591-424B-8816-610FF97B11EF}.Release|Any CPU.Build.0 = Release|Any CPU
		{EB4D542C-1CD5-4D09-8C69-2FF900FB413A}.Debug|Any CPU.ActiveCfg = Debug|Any CPU
		{EB4D542C-1CD5-4D09-8C69-2FF900FB413A}.Debug|Any CPU.Build.0 = Debug|Any CPU
		{EB4D542C-1CD5-4D09-8C69-2FF900FB413A}.Release|Any CPU.ActiveCfg = Release|Any CPU
		{EB4D542C-1CD5-4D09-8C69-2FF900FB413A}.Release|Any CPU.Build.0 = Release|Any CPU
	EndGlobalSection
	GlobalSection(SolutionProperties) = preSolution
		HideSolutionNode = FALSE
	EndGlobalSection
EndGlobal
