
Microsoft Visual Studio Solution File, Format Version 10.00
# Visual Studio 2008
Project("{FAE04EC0-301F-11D3-BF4B-00C04F79EFBC}") = "CSLIVE.Web", "CSLIVE.Web\CSLIVE.Web.csproj", "{D36D6C98-532E-414C-8C77-FD50A111EBAB}"
EndProject
Project("{FAE04EC0-301F-11D3-BF4B-00C04F79EFBC}") = "CSLIVE", "CSLIVE\CSLIVE.csproj", "{EB4D542C-1CD5-4D09-8C69-2FF900FB413A}"
EndProject
Project("{FAE04EC0-301F-11D3-BF4B-00C04F79EFBC}") = "CSLIVE.CommonSL", "CSLIVE.Common\CSLIVE.CommonSL.csproj", "{268BEF7B-710C-4206-A769-4BF14B1C9B08}"
EndProject
Project("{FAE04EC0-301F-11D3-BF4B-00C04F79EFBC}") = "HelperSL", "..\Helper\HelperSL.csproj", "{443B377E-8155-43E3-821D-429BFB595770}"
EndProject
Project("{FAE04EC0-301F-11D3-BF4B-00C04F79EFBC}") = "ContentCompiler", "ContentCompiler\ContentCompiler.csproj", "{5C497995-C328-4CCC-A898-ED262FA09087}"
EndProject
Project("{FAE04EC0-301F-11D3-BF4B-00C04F79EFBC}") = "Helper", "..\Helper\Helper.csproj", "{4DE8D8C1-6F75-42AD-AA46-BD35BB71352A}"
EndProject
Project("{FAE04EC0-301F-11D3-BF4B-00C04F79EFBC}") = "CSLIVE.Common", "CSLIVE.Common\CSLIVE.Common.csproj", "{D66EA292-8A8B-41BA-9DFE-F926F85AB880}"
EndProject
Project("{FAE04EC0-301F-11D3-BF4B-00C04F79EFBC}") = "CSLIVE.Server", "CSLIVE.Server\CSLIVE.Server.csproj", "{6D8B8DD7-1591-424B-8816-610FF97B11EF}"
EndProject
Project("{FAE04EC0-301F-11D3-BF4B-00C04F79EFBC}") = "CSLIVE.WPF", "CSLIVE.WPF\CSLIVE.WPF.csproj", "{BC3182A7-6E81-48D2-86F4-72D24614ABA8}"
EndProject
Project("{2150E333-8FDC-42A3-9474-1A3956D46DE8}") = "Silveright", "Silveright", "{037B0140-EF31-48C6-B836-25FC635EF3C2}"
EndProject
Project("{2150E333-8FDC-42A3-9474-1A3956D46DE8}") = "Win", "Win", "{8D3401D4-68D5-4F12-B105-A6CD87FFDCA0}"
EndProject
Global
	GlobalSection(SubversionScc) = preSolution
		Svn-Managed = True
		Manager = AnkhSVN - Subversion Support for Visual Studio
	EndGlobalSection
	GlobalSection(SolutionConfigurationPlatforms) = preSolution
		Debug|Any CPU = Debug|Any CPU
		Release|Any CPU = Release|Any CPU
	EndGlobalSection
	GlobalSection(ProjectConfigurationPlatforms) = postSolution
		{D36D6C98-532E-414C-8C77-FD50A111EBAB}.Debug|Any CPU.ActiveCfg = Debug|Any CPU
		{D36D6C98-532E-414C-8C77-FD50A111EBAB}.Debug|Any CPU.Build.0 = Debug|Any CPU
		{D36D6C98-532E-414C-8C77-FD50A111EBAB}.Release|Any CPU.ActiveCfg = Release|Any CPU
		{D36D6C98-532E-414C-8C77-FD50A111EBAB}.Release|Any CPU.Build.0 = Release|Any CPU
		{EB4D542C-1CD5-4D09-8C69-2FF900FB413A}.Debug|Any CPU.ActiveCfg = Debug|Any CPU
		{EB4D542C-1CD5-4D09-8C69-2FF900FB413A}.Debug|Any CPU.Build.0 = Debug|Any CPU
		{EB4D542C-1CD5-4D09-8C69-2FF900FB413A}.Release|Any CPU.ActiveCfg = Release|Any CPU
		{EB4D542C-1CD5-4D09-8C69-2FF900FB413A}.Release|Any CPU.Build.0 = Release|Any CPU
		{268BEF7B-710C-4206-A769-4BF14B1C9B08}.Debug|Any CPU.ActiveCfg = Debug|Any CPU
		{268BEF7B-710C-4206-A769-4BF14B1C9B08}.Debug|Any CPU.Build.0 = Debug|Any CPU
		{268BEF7B-710C-4206-A769-4BF14B1C9B08}.Release|Any CPU.ActiveCfg = Release|Any CPU
		{268BEF7B-710C-4206-A769-4BF14B1C9B08}.Release|Any CPU.Build.0 = Release|Any CPU
		{443B377E-8155-43E3-821D-429BFB595770}.Debug|Any CPU.ActiveCfg = Debug|Any CPU
		{443B377E-8155-43E3-821D-429BFB595770}.Debug|Any CPU.Build.0 = Debug|Any CPU
		{443B377E-8155-43E3-821D-429BFB595770}.Release|Any CPU.ActiveCfg = Release|Any CPU
		{443B377E-8155-43E3-821D-429BFB595770}.Release|Any CPU.Build.0 = Release|Any CPU
		{5C497995-C328-4CCC-A898-ED262FA09087}.Debug|Any CPU.ActiveCfg = Debug|Any CPU
		{5C497995-C328-4CCC-A898-ED262FA09087}.Debug|Any CPU.Build.0 = Debug|Any CPU
		{5C497995-C328-4CCC-A898-ED262FA09087}.Release|Any CPU.ActiveCfg = Release|Any CPU
		{5C497995-C328-4CCC-A898-ED262FA09087}.Release|Any CPU.Build.0 = Release|Any CPU
		{4DE8D8C1-6F75-42AD-AA46-BD35BB71352A}.Debug|Any CPU.ActiveCfg = Debug|Any CPU
		{4DE8D8C1-6F75-42AD-AA46-BD35BB71352A}.Debug|Any CPU.Build.0 = Debug|Any CPU
		{4DE8D8C1-6F75-42AD-AA46-BD35BB71352A}.Release|Any CPU.ActiveCfg = Release|Any CPU
		{4DE8D8C1-6F75-42AD-AA46-BD35BB71352A}.Release|Any CPU.Build.0 = Release|Any CPU
		{D66EA292-8A8B-41BA-9DFE-F926F85AB880}.Debug|Any CPU.ActiveCfg = Debug|Any CPU
		{D66EA292-8A8B-41BA-9DFE-F926F85AB880}.Debug|Any CPU.Build.0 = Debug|Any CPU
		{D66EA292-8A8B-41BA-9DFE-F926F85AB880}.Release|Any CPU.ActiveCfg = Release|Any CPU
		{D66EA292-8A8B-41BA-9DFE-F926F85AB880}.Release|Any CPU.Build.0 = Release|Any CPU
		{6D8B8DD7-1591-424B-8816-610FF97B11EF}.Debug|Any CPU.ActiveCfg = Debug|Any CPU
		{6D8B8DD7-1591-424B-8816-610FF97B11EF}.Debug|Any CPU.Build.0 = Debug|Any CPU
		{6D8B8DD7-1591-424B-8816-610FF97B11EF}.Release|Any CPU.ActiveCfg = Release|Any CPU
		{6D8B8DD7-1591-424B-8816-610FF97B11EF}.Release|Any CPU.Build.0 = Release|Any CPU
		{BC3182A7-6E81-48D2-86F4-72D24614ABA8}.Debug|Any CPU.ActiveCfg = Debug|Any CPU
		{BC3182A7-6E81-48D2-86F4-72D24614ABA8}.Debug|Any CPU.Build.0 = Debug|Any CPU
		{BC3182A7-6E81-48D2-86F4-72D24614ABA8}.Release|Any CPU.ActiveCfg = Release|Any CPU
		{BC3182A7-6E81-48D2-86F4-72D24614ABA8}.Release|Any CPU.Build.0 = Release|Any CPU
	EndGlobalSection
	GlobalSection(SolutionProperties) = preSolution
		HideSolutionNode = FALSE
	EndGlobalSection
	GlobalSection(NestedProjects) = preSolution
		{EB4D542C-1CD5-4D09-8C69-2FF900FB413A} = {037B0140-EF31-48C6-B836-25FC635EF3C2}
		{268BEF7B-710C-4206-A769-4BF14B1C9B08} = {037B0140-EF31-48C6-B836-25FC635EF3C2}
		{D36D6C98-532E-414C-8C77-FD50A111EBAB} = {037B0140-EF31-48C6-B836-25FC635EF3C2}
		{443B377E-8155-43E3-821D-429BFB595770} = {037B0140-EF31-48C6-B836-25FC635EF3C2}
		{5C497995-C328-4CCC-A898-ED262FA09087} = {8D3401D4-68D5-4F12-B105-A6CD87FFDCA0}
		{4DE8D8C1-6F75-42AD-AA46-BD35BB71352A} = {8D3401D4-68D5-4F12-B105-A6CD87FFDCA0}
		{D66EA292-8A8B-41BA-9DFE-F926F85AB880} = {8D3401D4-68D5-4F12-B105-A6CD87FFDCA0}
		{6D8B8DD7-1591-424B-8816-610FF97B11EF} = {8D3401D4-68D5-4F12-B105-A6CD87FFDCA0}
		{BC3182A7-6E81-48D2-86F4-72D24614ABA8} = {8D3401D4-68D5-4F12-B105-A6CD87FFDCA0}
	EndGlobalSection
EndGlobal
