Microsoft Visual Studio Solution File, Format Version 10.00
# Visual Studio 2008
Project("{FAE04EC0-301F-11D3-BF4B-00C04F79EFBC}") = "mygame2", "mygame2.csproj", "{F87154A3-3A6B-0A20-09C0-BE36F2EBFEBA}"
EndProject
Project("{FAE04EC0-301F-11D3-BF4B-00C04F79EFBC}") = "Island Demo", "..\Island Demo\Island Demo.csproj", "{637BB856-61E4-50F8-4ADD-F3FCE3F02F79}"
EndProject
Global
	GlobalSection(SolutionConfigurationPlatforms) = preSolution
		Debug|Any CPU = Debug|Any CPU
		Release|Any CPU = Release|Any CPU
	EndGlobalSection
	GlobalSection(ProjectConfigurationPlatforms) = postSolution
		{F87154A3-3A6B-0A20-09C0-BE36F2EBFEBA}.Debug|Any CPU.ActiveCfg = Debug|Any CPU
		{F87154A3-3A6B-0A20-09C0-BE36F2EBFEBA}.Debug|Any CPU.Build.0 = Debug|Any CPU
		{F87154A3-3A6B-0A20-09C0-BE36F2EBFEBA}.Release|Any CPU.ActiveCfg = Release|Any CPU
		{F87154A3-3A6B-0A20-09C0-BE36F2EBFEBA}.Release|Any CPU.Build.0 = Release|Any CPU
		{637BB856-61E4-50F8-4ADD-F3FCE3F02F79}.Debug|Any CPU.ActiveCfg = Debug|Any CPU
		{637BB856-61E4-50F8-4ADD-F3FCE3F02F79}.Debug|Any CPU.Build.0 = Debug|Any CPU
		{637BB856-61E4-50F8-4ADD-F3FCE3F02F79}.Release|Any CPU.ActiveCfg = Release|Any CPU
		{637BB856-61E4-50F8-4ADD-F3FCE3F02F79}.Release|Any CPU.Build.0 = Release|Any CPU
	EndGlobalSection
	GlobalSection(SolutionProperties) = preSolution
		HideSolutionNode = FALSE
	EndGlobalSection
EndGlobal
