
Microsoft Visual Studio Solution File, Format Version 10.00
# Visual Studio 2008
Project("{FAE04EC0-301F-11D3-BF4B-00C04F79EFBC}") = "WpfApplication6", "WpfApplication6\WpfApplication6.csproj", "{F0AA8F76-8591-4C29-8443-A95C28919D9D}"
EndProject
Project("{FAE04EC0-301F-11D3-BF4B-00C04F79EFBC}") = "ConsoleApplication1", "ConsoleApplication1\ConsoleApplication1.csproj", "{5C497995-C328-4CCC-A898-ED262FA09087}"
EndProject
Global
	GlobalSection(SolutionConfigurationPlatforms) = preSolution
		Debug|Any CPU = Debug|Any CPU
		Release|Any CPU = Release|Any CPU
	EndGlobalSection
	GlobalSection(ProjectConfigurationPlatforms) = postSolution
		{F0AA8F76-8591-4C29-8443-A95C28919D9D}.Debug|Any CPU.ActiveCfg = Debug|Any CPU
		{F0AA8F76-8591-4C29-8443-A95C28919D9D}.Debug|Any CPU.Build.0 = Debug|Any CPU
		{F0AA8F76-8591-4C29-8443-A95C28919D9D}.Release|Any CPU.ActiveCfg = Release|Any CPU
		{F0AA8F76-8591-4C29-8443-A95C28919D9D}.Release|Any CPU.Build.0 = Release|Any CPU
		{5C497995-C328-4CCC-A898-ED262FA09087}.Debug|Any CPU.ActiveCfg = Debug|Any CPU
		{5C497995-C328-4CCC-A898-ED262FA09087}.Debug|Any CPU.Build.0 = Debug|Any CPU
		{5C497995-C328-4CCC-A898-ED262FA09087}.Release|Any CPU.ActiveCfg = Release|Any CPU
		{5C497995-C328-4CCC-A898-ED262FA09087}.Release|Any CPU.Build.0 = Release|Any CPU
	EndGlobalSection
	GlobalSection(SolutionProperties) = preSolution
		HideSolutionNode = FALSE
	EndGlobalSection
EndGlobal
