
Microsoft Visual Studio Solution File, Format Version 10.00
# Visual Studio 2008
Project("{FAE04EC0-301F-11D3-BF4B-00C04F79EFBC}") = "Cleaner2", "Cleaner2\Cleaner2.csproj", "{D2B571A0-218D-4798-874B-AD8204125C27}"
EndProject
Project("{FAE04EC0-301F-11D3-BF4B-00C04F79EFBC}") = "Helper", "..\..\..\..\Desktop\Helper.sln\Helper\Helper.csproj", "{4DE8D8C1-6F75-42AD-AA46-BD35BB71352A}"
EndProject
Project("{FAE04EC0-301F-11D3-BF4B-00C04F79EFBC}") = "Updater", "Updater\Updater.csproj", "{6311D364-0403-4DE9-914B-0A53391DD1EB}"
EndProject
Global
	GlobalSection(SubversionScc) = preSolution
		Svn-Managed = True
		Manager = AnkhSVN - Subversion Support for Visual Studio
	EndGlobalSection
	GlobalSection(SolutionConfigurationPlatforms) = preSolution
		Debug|Any CPU = Debug|Any CPU
		Release|Any CPU = Release|Any CPU
	EndGlobalSection
	GlobalSection(ProjectConfigurationPlatforms) = postSolution
		{D2B571A0-218D-4798-874B-AD8204125C27}.Debug|Any CPU.ActiveCfg = Debug|Any CPU
		{D2B571A0-218D-4798-874B-AD8204125C27}.Debug|Any CPU.Build.0 = Debug|Any CPU
		{D2B571A0-218D-4798-874B-AD8204125C27}.Release|Any CPU.ActiveCfg = Release|Any CPU
		{D2B571A0-218D-4798-874B-AD8204125C27}.Release|Any CPU.Build.0 = Release|Any CPU
		{4DE8D8C1-6F75-42AD-AA46-BD35BB71352A}.Debug|Any CPU.ActiveCfg = Debug|Any CPU
		{4DE8D8C1-6F75-42AD-AA46-BD35BB71352A}.Debug|Any CPU.Build.0 = Debug|Any CPU
		{4DE8D8C1-6F75-42AD-AA46-BD35BB71352A}.Release|Any CPU.ActiveCfg = Release|Any CPU
		{4DE8D8C1-6F75-42AD-AA46-BD35BB71352A}.Release|Any CPU.Build.0 = Release|Any CPU
		{6311D364-0403-4DE9-914B-0A53391DD1EB}.Debug|Any CPU.ActiveCfg = Debug|Any CPU
		{6311D364-0403-4DE9-914B-0A53391DD1EB}.Debug|Any CPU.Build.0 = Debug|Any CPU
		{6311D364-0403-4DE9-914B-0A53391DD1EB}.Release|Any CPU.ActiveCfg = Release|Any CPU
		{6311D364-0403-4DE9-914B-0A53391DD1EB}.Release|Any CPU.Build.0 = Release|Any CPU
	EndGlobalSection
	GlobalSection(SolutionProperties) = preSolution
		HideSolutionNode = FALSE
	EndGlobalSection
EndGlobal
